// !$*UTF8*$!
{
	archiveVersion = 1;
	classes = {
	};
	objectVersion = 70;
	objects = {

/* Begin PBXBuildFile section */
		0ED292ECF54F4C2E9F295311 /* WeatherDataSourceManager.swift in Sources */ = {isa = PBXBuildFile; fileRef = AD98DF9827CE48369FA9C14C /* WeatherDataSourceManager.swift */; };
		143DB078A2E046D1935085CE /* SettingsViewController.swift in Sources */ = {isa = PBXBuildFile; fileRef = 0D9992EDB3DB49328AD8A066 /* SettingsViewController.swift */; };
		16148A6F20EC2F3500452F5D /* InfoViewController.swift in Sources */ = {isa = PBXBuildFile; fileRef = 16148A6E20EC2F3400452F5D /* InfoViewController.swift */; };
		16148A7320F3B0AE00452F5D /* SearchSearchTableView.swift in Sources */ = {isa = PBXBuildFile; fileRef = 16148A7220F3B0AD00452F5D /* SearchSearchTableView.swift */; };
		16148A7520F52AEF00452F5D /* SearchTableViewCell.swift in Sources */ = {isa = PBXBuildFile; fileRef = 16148A7420F52AEF00452F5D /* SearchTableViewCell.swift */; };
		161BCA7220E2D92300AE984F /* LookingAheadCollectionViewCell.swift in Sources */ = {isa = PBXBuildFile; fileRef = 161BCA7120E2D92300AE984F /* LookingAheadCollectionViewCell.swift */; };
		1620610220AF63EE004E00BD /* Hourly.swift in Sources */ = {isa = PBXBuildFile; fileRef = 1620610120AF63EE004E00BD /* Hourly.swift */; };
		1620610420AF6462004E00BD /* HourlyData.swift in Sources */ = {isa = PBXBuildFile; fileRef = 1620610320AF6462004E00BD /* HourlyData.swift */; };
		1620610620AF652D004E00BD /* Daily.swift in Sources */ = {isa = PBXBuildFile; fileRef = 1620610520AF652D004E00BD /* Daily.swift */; };
		1620610820AF6582004E00BD /* DailyData.swift in Sources */ = {isa = PBXBuildFile; fileRef = 1620610720AF6582004E00BD /* DailyData.swift */; };
		1620610A20AF6689004E00BD /* Minutely.swift in Sources */ = {isa = PBXBuildFile; fileRef = 1620610920AF6689004E00BD /* Minutely.swift */; };
		1620610C20AF66B1004E00BD /* MinutelyData.swift in Sources */ = {isa = PBXBuildFile; fileRef = 1620610B20AF66B1004E00BD /* MinutelyData.swift */; };
		1620610E20AF66FE004E00BD /* Currently.swift in Sources */ = {isa = PBXBuildFile; fileRef = 1620610D20AF66FE004E00BD /* Currently.swift */; };
		1620611020AF6770004E00BD /* Alerts.swift in Sources */ = {isa = PBXBuildFile; fileRef = 1620610F20AF6770004E00BD /* Alerts.swift */; };
		1620611420AF69A6004E00BD /* WeatherController.swift in Sources */ = {isa = PBXBuildFile; fileRef = 1620611320AF69A6004E00BD /* WeatherController.swift */; };
		1620611820B31F4A004E00BD /* MinutelyViewController.swift in Sources */ = {isa = PBXBuildFile; fileRef = 1620611720B31F4A004E00BD /* MinutelyViewController.swift */; };
		1620611A20B5C781004E00BD /* DailyTableViewCell.swift in Sources */ = {isa = PBXBuildFile; fileRef = 1620611920B5C781004E00BD /* DailyTableViewCell.swift */; };
		162DC6052020FAAB00C19DCE /* AppDelegate.swift in Sources */ = {isa = PBXBuildFile; fileRef = 162DC6042020FAAB00C19DCE /* AppDelegate.swift */; };
		162DC6072020FAAB00C19DCE /* ViewController.swift in Sources */ = {isa = PBXBuildFile; fileRef = 162DC6062020FAAB00C19DCE /* ViewController.swift */; };
		162DC60A2020FAAB00C19DCE /* Main.storyboard in Resources */ = {isa = PBXBuildFile; fileRef = 162DC6082020FAAB00C19DCE /* Main.storyboard */; };
		162DC60C2020FAAB00C19DCE /* Assets.xcassets in Resources */ = {isa = PBXBuildFile; fileRef = 162DC60B2020FAAB00C19DCE /* Assets.xcassets */; };
		162DC60F2020FAAB00C19DCE /* LaunchScreen.storyboard in Resources */ = {isa = PBXBuildFile; fileRef = 162DC60D2020FAAB00C19DCE /* LaunchScreen.storyboard */; };
		162DC61F2021043A00C19DCE /* HourlyViewController.swift in Sources */ = {isa = PBXBuildFile; fileRef = 162DC61E2021043A00C19DCE /* HourlyViewController.swift */; };
		162DC6212021048700C19DCE /* DailyViewController.swift in Sources */ = {isa = PBXBuildFile; fileRef = 162DC6202021048700C19DCE /* DailyViewController.swift */; };
		1646BDA620BDF175006FF7F5 /* HourlyTableViewCell.swift in Sources */ = {isa = PBXBuildFile; fileRef = 1646BDA520BDF175006FF7F5 /* HourlyTableViewCell.swift */; };
		1646BDAF20BF7A28006FF7F5 /* MinutelyTableViewCell.swift in Sources */ = {isa = PBXBuildFile; fileRef = 1646BDAE20BF7A28006FF7F5 /* MinutelyTableViewCell.swift */; };
		16695922215EAF60002BC386 /* RadarViewController.swift in Sources */ = {isa = PBXBuildFile; fileRef = 16695921215EAF60002BC386 /* RadarViewController.swift */; };
		167E38222151F799000ADA23 /* MainInterface.storyboard in Resources */ = {isa = PBXBuildFile; fileRef = 16C52241214C4C9D007F9935 /* MainInterface.storyboard */; };
		168C8CF920C255A800D0413C /* AlertsViewController.swift in Sources */ = {isa = PBXBuildFile; fileRef = 168C8CF820C255A800D0413C /* AlertsViewController.swift */; };
		168C8CFB20C25A7400D0413C /* AlertsTableViewCell.swift in Sources */ = {isa = PBXBuildFile; fileRef = 168C8CFA20C25A7400D0413C /* AlertsTableViewCell.swift */; };
		16D5C11620C6E83F00B5F44B /* CurrentlyTableViewCell.swift in Sources */ = {isa = PBXBuildFile; fileRef = 16D5C11520C6E83F00B5F44B /* CurrentlyTableViewCell.swift */; };
		16F5BD832100010600A93A03 /* Settings.bundle in Resources */ = {isa = PBXBuildFile; fileRef = 16F5BD822100010600A93A03 /* Settings.bundle */; };
		1D99DB50389843F3A9FCAE90 /* Lottie in Frameworks */ = {isa = PBXBuildFile; productRef = 7353D4B9AB6E48E4914713F7 /* Lottie */; };
		26330A7B3D732B68D1720CEB /* AccuWeatherDataSource.swift in Sources */ = {isa = PBXBuildFile; fileRef = E374923DE9FB1E1B25F2F4F1 /* AccuWeatherDataSource.swift */; };
		2BFFE39F022F4237A179A2EA /* DailyCardView.swift in Sources */ = {isa = PBXBuildFile; fileRef = 82215DD8F53049A6AEED17F6 /* DailyCardView.swift */; };
		31AD2A0030CE4ED087EFCFC9 /* MinutelyCardView.swift in Sources */ = {isa = PBXBuildFile; fileRef = F1A5DFCBB162407A9EE45CD2 /* MinutelyCardView.swift */; };
		37BBAD2F5CFFF2565F8B052C /* Pods_Cloudship.framework in Frameworks */ = {isa = PBXBuildFile; fileRef = DFE26352977A0BF1ABA3B69F /* Pods_Cloudship.framework */; };
		39524CFD2C6C487592ABCF92 /* WeatherCodeMapper.swift in Sources */ = {isa = PBXBuildFile; fileRef = FC45F78F15B14D7A9EE91D51 /* WeatherCodeMapper.swift */; };
		39735FF173C64D0CB5AEB074 /* AirQualityCardView.swift in Sources */ = {isa = PBXBuildFile; fileRef = 623E1BB68FEC4BD6BF3F583C /* AirQualityCardView.swift */; };
		4CF0A6FC02FF4ED5BE915BFA /* AlertBannerCardView.swift in Sources */ = {isa = PBXBuildFile; fileRef = C3739D4B5AF2401DB4F0949E /* AlertBannerCardView.swift */; };
		50971E353EC94488ACBCB44B /* UnifiedWeatherModels.swift in Sources */ = {isa = PBXBuildFile; fileRef = 5036433DBE614771979DE8B6 /* UnifiedWeatherModels.swift */; };
		520E7B9611F121FAD89DB11A /* AccuWeatherModels.swift in Sources */ = {isa = PBXBuildFile; fileRef = B0B75167A62A545E6D8E45C0 /* AccuWeatherModels.swift */; };
		53EE4E7A47804178836953BD /* PrecipitationAnalyzer.swift in Sources */ = {isa = PBXBuildFile; fileRef = 5DEAD06BEC734AD881E3BD9F /* PrecipitationAnalyzer.swift */; };
		57D141E4370348318F1DF8BB /* AlertDetailViewController.swift in Sources */ = {isa = PBXBuildFile; fileRef = AA1638EA54414FD5A2A6AF0A /* AlertDetailViewController.swift */; };
		683F03A96DDF4861BBF6208F /* TemperatureFormatter.swift in Sources */ = {isa = PBXBuildFile; fileRef = C5B395E9DE2E4BEE99AB9E60 /* TemperatureFormatter.swift */; };
		92A3789C2F6D95D50090F977 /* WidgetKit.framework in Frameworks */ = {isa = PBXBuildFile; fileRef = 92A3789B2F6D95D50090F977 /* WidgetKit.framework */; };
		92A3789E2F6D95D50090F977 /* SwiftUI.framework in Frameworks */ = {isa = PBXBuildFile; fileRef = 92A3789D2F6D95D50090F977 /* SwiftUI.framework */; };
		92A378AD2F6D95D60090F977 /* CloudshipWidgetExtension.appex in Embed App Extensions */ = {isa = PBXBuildFile; fileRef = 92A3789A2F6D95D50090F977 /* CloudshipWidgetExtension.appex */; settings = {ATTRIBUTES = (RemoveHeadersOnCopy, ); }; };
		92A378BF2F6D98240090F977 /* SharedWeatherData.swift in Sources */ = {isa = PBXBuildFile; fileRef = EE0101010101010101EE01 /* SharedWeatherData.swift */; };
		92A37C072F745A950090F977 /* DailyBriefCardView.swift in Sources */ = {isa = PBXBuildFile; fileRef = 92A37C062F745A950090F977 /* DailyBriefCardView.swift */; };
		975C3C61B2584CF8B0AC3C70 /* DateFormatHelper.swift in Sources */ = {isa = PBXBuildFile; fileRef = B2BC1A9E2EB54D5C9EA68589 /* DateFormatHelper.swift */; };
		994BD254C61245F08BD02173 /* TomorrowIODataSource.swift in Sources */ = {isa = PBXBuildFile; fileRef = 12D7A2FD05E9477FAB8BD805 /* TomorrowIODataSource.swift */; };
		A8B9C0D1E2F3A4B5C6D7E8F9 /* ManageLocationsViewController.swift in Sources */ = {isa = PBXBuildFile; fileRef = E6F7A8B9C0D1E2F3A4B5C6D7 /* ManageLocationsViewController.swift */; };
		AA00000000000000000005 /* ConsensusWeatherServiceTests.swift in Sources */ = {isa = PBXBuildFile; fileRef = 92A37DA32F75F1A80090F977 /* ConsensusWeatherServiceTests.swift */; };
		AA00000000000000000006 /* SettingsLogicTests.swift in Sources */ = {isa = PBXBuildFile; fileRef = 92A37DA42F75F1AA0090F977 /* SettingsLogicTests.swift */; };
		AA00000000000000000007 /* TemperatureFormatterTests.swift in Sources */ = {isa = PBXBuildFile; fileRef = 92A37DA52F75F43C0090F977 /* TemperatureFormatterTests.swift */; };
		AA00000000000000000008 /* WeatherModelsTests.swift in Sources */ = {isa = PBXBuildFile; fileRef = 92A37DA62F75F43D0090F977 /* WeatherModelsTests.swift */; };
		AA12BC34DE56F78901234567 /* OpenMeteoModels.swift in Sources */ = {isa = PBXBuildFile; fileRef = BB23CD45EF67089A12345678 /* OpenMeteoModels.swift */; };
		AB001001001001001001AB01 /* StationProximityService.swift in Sources */ = {isa = PBXBuildFile; fileRef = AA001001001001001001AA01 /* StationProximityService.swift */; };
		AB002002002002002002AB02 /* ConsensusWeatherService.swift in Sources */ = {isa = PBXBuildFile; fileRef = AA002002002002002002AA02 /* ConsensusWeatherService.swift */; };
		AB003003003003003003AB03 /* ConsensusBreakdownViewController.swift in Sources */ = {isa = PBXBuildFile; fileRef = AA003003003003003003AA03 /* ConsensusBreakdownViewController.swift */; };
		AE458E43367B4E75B22A3328 /* MainForecastViewController.swift in Sources */ = {isa = PBXBuildFile; fileRef = B8419FDDA87C4DCC9A676651 /* MainForecastViewController.swift */; };
		AE4AA244D4434097B78A125B /* DetailsCardView.swift in Sources */ = {isa = PBXBuildFile; fileRef = 3C8BA9853D214D04BAA086AB /* DetailsCardView.swift */; };
		B3C4D5E6F7A8B9C0D1E2F3A4 /* BackgroundTaskManager.swift in Sources */ = {isa = PBXBuildFile; fileRef = F1A2B3C4D5E6F7A8B9C0D1E2 /* BackgroundTaskManager.swift */; };
		B4C106C3663847389C3A3620 /* NOAAAlertModels.swift in Sources */ = {isa = PBXBuildFile; fileRef = 766A94256EAD495AAC3A5AC9 /* NOAAAlertModels.swift */; };
		BB00000000000000000005 /* SettingsUITests.swift in Sources */ = {isa = PBXBuildFile; fileRef = 92A37DA72F75F4630090F977 /* SettingsUITests.swift */; };
		BB002002002002002002BB02 /* WeatherCache.swift in Sources */ = {isa = PBXBuildFile; fileRef = BB001001001001001001BB01 /* WeatherCache.swift */; };
		BB1122334455667788990011 /* SubscriptionManager.swift in Sources */ = {isa = PBXBuildFile; fileRef = CC1122334455667788990011 /* SubscriptionManager.swift */; };
		BB2233445566778899001122 /* PaywallViewController.swift in Sources */ = {isa = PBXBuildFile; fileRef = CC2233445566778899001122 /* PaywallViewController.swift */; };
		BB3344556677889900112233 /* AppleWeatherDataSource.swift in Sources */ = {isa = PBXBuildFile; fileRef = CC3344556677889900112233 /* AppleWeatherDataSource.swift */; };
		BBCDB05168284F6F8C12D08B /* CardView.swift in Sources */ = {isa = PBXBuildFile; fileRef = A7DEABC4FD344E8682753FF2 /* CardView.swift */; };
		BD67AA6205D44A19B00037AA /* HeaderCardView.swift in Sources */ = {isa = PBXBuildFile; fileRef = 80DC2BC32A6B44DC95C8D4BB /* HeaderCardView.swift */; };
		C1866956AF38495DACB044BE /* NOAADataSource.swift in Sources */ = {isa = PBXBuildFile; fileRef = 87D5680F4DA24E25AD61EE9E /* NOAADataSource.swift */; };
		C1E203800DBD4DDDA82FA0AC /* MainTabBarController.swift in Sources */ = {isa = PBXBuildFile; fileRef = A34FCE7E1E9241D089FE3F4D /* MainTabBarController.swift */; };
		C4D5E6F7A8B9C0D1E2F3A4B5 /* PrecipitationNotificationService.swift in Sources */ = {isa = PBXBuildFile; fileRef = A2B3C4D5E6F7A8B9C0D1E2F3 /* PrecipitationNotificationService.swift */; };
		C6F350E3885640288204C969 /* WindGustCardView.swift in Sources */ = {isa = PBXBuildFile; fileRef = 434F4C497BC1429B8CCA805C /* WindGustCardView.swift */; };
		CAC95DC05F37486C91AE9DA5 /* WeatherDataSource.swift in Sources */ = {isa = PBXBuildFile; fileRef = FCF7A8C295D5464B958C65A8 /* WeatherDataSource.swift */; };
		CC020202020202020202CC02 /* OpenRouterService.swift in Sources */ = {isa = PBXBuildFile; fileRef = CC010101010101010101CC01 /* OpenRouterService.swift */; };
		CC040404040404040404CC04 /* AIWeatherChatViewController.swift in Sources */ = {isa = PBXBuildFile; fileRef = CC030303030303030303CC03 /* AIWeatherChatViewController.swift */; };
		CC060606060606060606CC06 /* ActivityScoreEngine.swift in Sources */ = {isa = PBXBuildFile; fileRef = CC050505050505050505CC05 /* ActivityScoreEngine.swift */; };
		CC080808080808080808CC08 /* ActivityScoresCardView.swift in Sources */ = {isa = PBXBuildFile; fileRef = CC070707070707070707CC07 /* ActivityScoresCardView.swift */; };
		CC34DE56F78901AB23456789 /* OpenMeteoDataSource.swift in Sources */ = {isa = PBXBuildFile; fileRef = DD45EF6789AB01BC3456789A /* OpenMeteoDataSource.swift */; };
		D21908FA26278F5B00FFB366 /* ClimacellV4.swift in Sources */ = {isa = PBXBuildFile; fileRef = D21908F926278F5B00FFB366 /* ClimacellV4.swift */; };
		D34972A9801A4768B2E2B682 /* DailyDetailViewController.swift in Sources */ = {isa = PBXBuildFile; fileRef = 68F6815BC68C443DAD8AE3EF /* DailyDetailViewController.swift */; };
		D3E4F5A6B7C8D9E0F1A2B3C4 /* OpenMeteoHistoricalDataSource.swift in Sources */ = {isa = PBXBuildFile; fileRef = B1C2D3E4F5A6B7C8D9E0F1A2 /* OpenMeteoHistoricalDataSource.swift */; };
		D9EE5605106343FAB1334FC3 /* PollenCardView.swift in Sources */ = {isa = PBXBuildFile; fileRef = 349D9A52185E40BB96946278 /* PollenCardView.swift */; };
		DD0202020202020202DD02 /* AISummaryService.swift in Sources */ = {isa = PBXBuildFile; fileRef = DD0101010101010101DD01 /* AISummaryService.swift */; };
		DD0404040404040404DD04 /* AISummaryCardView.swift in Sources */ = {isa = PBXBuildFile; fileRef = DD0303030303030303DD03 /* AISummaryCardView.swift */; };
		E4F5A6B7C8D9E0F1A2B3C4D5 /* TimeMachineBannerView.swift in Sources */ = {isa = PBXBuildFile; fileRef = C2D3E4F5A6B7C8D9E0F1A2B3 /* TimeMachineBannerView.swift */; };
		E660633F44F3485C984EA118 /* NOAAModels.swift in Sources */ = {isa = PBXBuildFile; fileRef = 8879DB8906CB4BD2B1C3A4B3 /* NOAAModels.swift */; };
		E8F9A0B1C2D3E4F5A6B7C8D9 /* WeatherTheme.swift in Sources */ = {isa = PBXBuildFile; fileRef = D7E8F9A0B1C2D3E4F5A6B7C8 /* WeatherTheme.swift */; };
		E9F0A1B2C3D4E5F6A7B8C9DA /* CardTintStyle.swift in Sources */ = {isa = PBXBuildFile; fileRef = D8E9F0A1B2C3D4E5F6A7B8C9 /* CardTintStyle.swift */; };
		EE0202020202020202EE02 /* SharedWeatherData.swift in Sources */ = {isa = PBXBuildFile; fileRef = EE0101010101010101EE01 /* SharedWeatherData.swift */; };
		EE0404040404040404EE04 /* WidgetDataWriter.swift in Sources */ = {isa = PBXBuildFile; fileRef = EE0303030303030303EE03 /* WidgetDataWriter.swift */; };
		EE0606060606060606EE06 /* WeatherAnimationView.swift in Sources */ = {isa = PBXBuildFile; fileRef = EE0505050505050505EE05 /* WeatherAnimationView.swift */; };
		F2E1D0C9A8B7C6D5E4F3A2B1 /* PirateWeatherDataSource.swift in Sources */ = {isa = PBXBuildFile; fileRef = 1A2B3C4D5E6F7A8B9C0D1E2F /* PirateWeatherDataSource.swift */; };
		F2E1D0C9B8A7F6E5D4C3B2A1 /* WeatherColors.swift in Sources */ = {isa = PBXBuildFile; fileRef = A1B2C3D4E5F6A7B8C9D0E1F2 /* WeatherColors.swift */; };
		F7A8B9C0D1E2F3A4B5C6D7E8 /* SavedLocationStore.swift in Sources */ = {isa = PBXBuildFile; fileRef = D5E6F7A8B9C0D1E2F3A4B5C6 /* SavedLocationStore.swift */; };
		FA0202020202020202FA02 /* PrecipitationActivityAttributes.swift in Sources */ = {isa = PBXBuildFile; fileRef = FA0101010101010101FA01 /* PrecipitationActivityAttributes.swift */; };
		FA0303030303030303FA03 /* PrecipitationActivityAttributes.swift in Sources */ = {isa = PBXBuildFile; fileRef = FA0101010101010101FA01 /* PrecipitationActivityAttributes.swift */; };
		FB0202020202020202FB02 /* PrecipitationLiveActivityManager.swift in Sources */ = {isa = PBXBuildFile; fileRef = FB0101010101010101FB01 /* PrecipitationLiveActivityManager.swift */; };
		FB598DCB43574CB7B794C358 /* HourlyCardView.swift in Sources */ = {isa = PBXBuildFile; fileRef = 2936012EBFF64B6798B8AF71 /* HourlyCardView.swift */; };
		FC0202020202020202FC02 /* ActivityKit.framework in Frameworks */ = {isa = PBXBuildFile; fileRef = FC0101010101010101FC01 /* ActivityKit.framework */; settings = {ATTRIBUTES = (Weak, ); }; };
		FC0303030303030303FC03 /* ActivityKit.framework in Frameworks */ = {isa = PBXBuildFile; fileRef = FC0101010101010101FC01 /* ActivityKit.framework */; settings = {ATTRIBUTES = (Weak, ); }; };
		FF2E1D0C9B8A7F6E5D4C3B2A /* PirateWeatherModels.swift in Sources */ = {isa = PBXBuildFile; fileRef = AA1B2C3D4E5F6A7B8C9D0E1F /* PirateWeatherModels.swift */; };
/* End PBXBuildFile section */

/* Begin PBXContainerItemProxy section */
		92A378AB2F6D95D60090F977 /* PBXContainerItemProxy */ = {
			isa = PBXContainerItemProxy;
			containerPortal = 162DC5F92020FAAB00C19DCE /* Project object */;
			proxyType = 1;
			remoteGlobalIDString = 92A378992F6D95D50090F977;
			remoteInfo = CloudshipWidgetExtension;
		};
		AA00000000000000000009 /* PBXContainerItemProxy */ = {
			isa = PBXContainerItemProxy;
			containerPortal = 162DC5F92020FAAB00C19DCE /* Project object */;
			proxyType = 1;
			remoteGlobalIDString = 162DC6002020FAAB00C19DCE;
			remoteInfo = Cloudship;
		};
		BB00000000000000000009 /* PBXContainerItemProxy */ = {
			isa = PBXContainerItemProxy;
			containerPortal = 162DC5F92020FAAB00C19DCE /* Project object */;
			proxyType = 1;
			remoteGlobalIDString = 162DC6002020FAAB00C19DCE;
			remoteInfo = Cloudship;
		};
/* End PBXContainerItemProxy section */

/* Begin PBXCopyFilesBuildPhase section */
		16C5224B214C4C9D007F9935 /* Embed App Extensions */ = {
			isa = PBXCopyFilesBuildPhase;
			buildActionMask = 2147483647;
			dstPath = "";
			dstSubfolderSpec = 13;
			files = (
				92A378AD2F6D95D60090F977 /* CloudshipWidgetExtension.appex in Embed App Extensions */,
			);
			name = "Embed App Extensions";
			runOnlyForDeploymentPostprocessing = 0;
		};
/* End PBXCopyFilesBuildPhase section */

/* Begin PBXFileReference section */
		0D9992EDB3DB49328AD8A066 /* SettingsViewController.swift */ = {isa = PBXFileReference; lastKnownFileType = sourcecode.swift; path = UI/Settings/SettingsViewController.swift; sourceTree = "<group>"; };
		12D7A2FD05E9477FAB8BD805 /* TomorrowIODataSource.swift */ = {isa = PBXFileReference; lastKnownFileType = sourcecode.swift; path = DataSources/TomorrowIODataSource.swift; sourceTree = "<group>"; };
		16148A6E20EC2F3400452F5D /* InfoViewController.swift */ = {isa = PBXFileReference; lastKnownFileType = sourcecode.swift; path = InfoViewController.swift; sourceTree = "<group>"; };
		16148A7220F3B0AD00452F5D /* SearchSearchTableView.swift */ = {isa = PBXFileReference; lastKnownFileType = sourcecode.swift; path = SearchSearchTableView.swift; sourceTree = "<group>"; };
		16148A7420F52AEF00452F5D /* SearchTableViewCell.swift */ = {isa = PBXFileReference; lastKnownFileType = sourcecode.swift; path = SearchTableViewCell.swift; sourceTree = "<group>"; };
		161BCA7120E2D92300AE984F /* LookingAheadCollectionViewCell.swift */ = {isa = PBXFileReference; lastKnownFileType = sourcecode.swift; path = LookingAheadCollectionViewCell.swift; sourceTree = "<group>"; };
		1620610120AF63EE004E00BD /* Hourly.swift */ = {isa = PBXFileReference; lastKnownFileType = sourcecode.swift; path = Hourly.swift; sourceTree = "<group>"; };
		1620610320AF6462004E00BD /* HourlyData.swift */ = {isa = PBXFileReference; lastKnownFileType = sourcecode.swift; path = HourlyData.swift; sourceTree = "<group>"; };
		1620610520AF652D004E00BD /* Daily.swift */ = {isa = PBXFileReference; lastKnownFileType = sourcecode.swift; path = Daily.swift; sourceTree = "<group>"; };
		1620610720AF6582004E00BD /* DailyData.swift */ = {isa = PBXFileReference; lastKnownFileType = sourcecode.swift; path = DailyData.swift; sourceTree = "<group>"; };
		1620610920AF6689004E00BD /* Minutely.swift */ = {isa = PBXFileReference; lastKnownFileType = sourcecode.swift; path = Minutely.swift; sourceTree = "<group>"; };
		1620610B20AF66B1004E00BD /* MinutelyData.swift */ = {isa = PBXFileReference; lastKnownFileType = sourcecode.swift; path = MinutelyData.swift; sourceTree = "<group>"; };
		1620610D20AF66FE004E00BD /* Currently.swift */ = {isa = PBXFileReference; lastKnownFileType = sourcecode.swift; path = Currently.swift; sourceTree = "<group>"; };
		1620610F20AF6770004E00BD /* Alerts.swift */ = {isa = PBXFileReference; lastKnownFileType = sourcecode.swift; path = Alerts.swift; sourceTree = "<group>"; };
		1620611320AF69A6004E00BD /* WeatherController.swift */ = {isa = PBXFileReference; lastKnownFileType = sourcecode.swift; path = WeatherController.swift; sourceTree = "<group>"; };
		1620611720B31F4A004E00BD /* MinutelyViewController.swift */ = {isa = PBXFileReference; lastKnownFileType = sourcecode.swift; path = MinutelyViewController.swift; sourceTree = "<group>"; };
		1620611920B5C781004E00BD /* DailyTableViewCell.swift */ = {isa = PBXFileReference; lastKnownFileType = sourcecode.swift; path = DailyTableViewCell.swift; sourceTree = "<group>"; };
		162DC6012020FAAB00C19DCE /* Cloudship.app */ = {isa = PBXFileReference; explicitFileType = wrapper.application; includeInIndex = 0; path = Cloudship.app; sourceTree = BUILT_PRODUCTS_DIR; };
		162DC6042020FAAB00C19DCE /* AppDelegate.swift */ = {isa = PBXFileReference; lastKnownFileType = sourcecode.swift; path = AppDelegate.swift; sourceTree = "<group>"; };
		162DC6062020FAAB00C19DCE /* ViewController.swift */ = {isa = PBXFileReference; lastKnownFileType = sourcecode.swift; path = ViewController.swift; sourceTree = "<group>"; };
		162DC6092020FAAB00C19DCE /* Base */ = {isa = PBXFileReference; lastKnownFileType = file.storyboard; name = Base; path = Base.lproj/Main.storyboard; sourceTree = "<group>"; };
		162DC60B2020FAAB00C19DCE /* Assets.xcassets */ = {isa = PBXFileReference; lastKnownFileType = folder.assetcatalog; path = Assets.xcassets; sourceTree = "<group>"; };
		162DC60E2020FAAB00C19DCE /* Base */ = {isa = PBXFileReference; lastKnownFileType = file.storyboard; name = Base; path = Base.lproj/LaunchScreen.storyboard; sourceTree = "<group>"; };
		162DC6102020FAAB00C19DCE /* Info.plist */ = {isa = PBXFileReference; lastKnownFileType = text.plist.xml; path = Info.plist; sourceTree = "<group>"; };
		162DC61E2021043A00C19DCE /* HourlyViewController.swift */ = {isa = PBXFileReference; lastKnownFileType = sourcecode.swift; path = HourlyViewController.swift; sourceTree = "<group>"; };
		162DC6202021048700C19DCE /* DailyViewController.swift */ = {isa = PBXFileReference; lastKnownFileType = sourcecode.swift; path = DailyViewController.swift; sourceTree = "<group>"; };
		1646BDA520BDF175006FF7F5 /* HourlyTableViewCell.swift */ = {isa = PBXFileReference; lastKnownFileType = sourcecode.swift; path = HourlyTableViewCell.swift; sourceTree = "<group>"; };
		1646BDAE20BF7A28006FF7F5 /* MinutelyTableViewCell.swift */ = {isa = PBXFileReference; lastKnownFileType = sourcecode.swift; path = MinutelyTableViewCell.swift; sourceTree = "<group>"; };
		16695921215EAF60002BC386 /* RadarViewController.swift */ = {isa = PBXFileReference; lastKnownFileType = sourcecode.swift; path = UI/Radar/RadarViewController.swift; sourceTree = "<group>"; };
		167E3821215008EF000ADA23 /* TodayExtension.entitlements */ = {isa = PBXFileReference; lastKnownFileType = text.plist.entitlements; path = TodayExtension.entitlements; sourceTree = "<group>"; };
		168C8CF820C255A800D0413C /* AlertsViewController.swift */ = {isa = PBXFileReference; lastKnownFileType = sourcecode.swift; path = AlertsViewController.swift; sourceTree = "<group>"; };
		168C8CFA20C25A7400D0413C /* AlertsTableViewCell.swift */ = {isa = PBXFileReference; lastKnownFileType = sourcecode.swift; path = AlertsTableViewCell.swift; sourceTree = "<group>"; };
		16C5223C214C4C9D007F9935 /* NotificationCenter.framework */ = {isa = PBXFileReference; lastKnownFileType = wrapper.framework; name = NotificationCenter.framework; path = System/Library/Frameworks/NotificationCenter.framework; sourceTree = SDKROOT; };
		16C5223F214C4C9D007F9935 /* TodayViewController.swift */ = {isa = PBXFileReference; lastKnownFileType = sourcecode.swift; path = TodayViewController.swift; sourceTree = "<group>"; };
		16C52242214C4C9D007F9935 /* Base */ = {isa = PBXFileReference; lastKnownFileType = file.storyboard; name = Base; path = Base.lproj/MainInterface.storyboard; sourceTree = "<group>"; };
		16C52244214C4C9D007F9935 /* Info.plist */ = {isa = PBXFileReference; lastKnownFileType = text.plist.xml; path = Info.plist; sourceTree = "<group>"; };
		16C5224C214C566D007F9935 /* Cloudship.entitlements */ = {isa = PBXFileReference; lastKnownFileType = text.plist.entitlements; path = Cloudship.entitlements; sourceTree = "<group>"; };
		16D5C11520C6E83F00B5F44B /* CurrentlyTableViewCell.swift */ = {isa = PBXFileReference; lastKnownFileType = sourcecode.swift; path = CurrentlyTableViewCell.swift; sourceTree = "<group>"; };
		16F5BD822100010600A93A03 /* Settings.bundle */ = {isa = PBXFileReference; lastKnownFileType = "wrapper.plug-in"; path = Settings.bundle; sourceTree = "<group>"; };
		1A2B3C4D5E6F7A8B9C0D1E2F /* PirateWeatherDataSource.swift */ = {isa = PBXFileReference; lastKnownFileType = sourcecode.swift; path = DataSources/PirateWeatherDataSource.swift; sourceTree = "<group>"; };
		2936012EBFF64B6798B8AF71 /* HourlyCardView.swift */ = {isa = PBXFileReference; lastKnownFileType = sourcecode.swift; path = UI/Forecast/Cards/HourlyCardView.swift; sourceTree = "<group>"; };
		349D9A52185E40BB96946278 /* PollenCardView.swift */ = {isa = PBXFileReference; lastKnownFileType = sourcecode.swift; path = UI/Forecast/Cards/PollenCardView.swift; sourceTree = "<group>"; };
		3C8BA9853D214D04BAA086AB /* DetailsCardView.swift */ = {isa = PBXFileReference; lastKnownFileType = sourcecode.swift; name = DetailsCardView.swift; path = UI/Forecast/Cards/DetailsCardView.swift; sourceTree = "<group>"; };
		434F4C497BC1429B8CCA805C /* WindGustCardView.swift */ = {isa = PBXFileReference; lastKnownFileType = sourcecode.swift; path = UI/Forecast/Cards/WindGustCardView.swift; sourceTree = "<group>"; };
		5036433DBE614771979DE8B6 /* UnifiedWeatherModels.swift */ = {isa = PBXFileReference; lastKnownFileType = sourcecode.swift; path = DataSources/UnifiedWeatherModels.swift; sourceTree = "<group>"; };
		5DEAD06BEC734AD881E3BD9F /* PrecipitationAnalyzer.swift */ = {isa = PBXFileReference; lastKnownFileType = sourcecode.swift; path = DataSources/PrecipitationAnalyzer.swift; sourceTree = "<group>"; };
		623E1BB68FEC4BD6BF3F583C /* AirQualityCardView.swift */ = {isa = PBXFileReference; lastKnownFileType = sourcecode.swift; path = UI/Forecast/Cards/AirQualityCardView.swift; sourceTree = "<group>"; };
		68F6815BC68C443DAD8AE3EF /* DailyDetailViewController.swift */ = {isa = PBXFileReference; lastKnownFileType = sourcecode.swift; path = UI/Forecast/DailyDetailViewController.swift; sourceTree = "<group>"; };
		766A94256EAD495AAC3A5AC9 /* NOAAAlertModels.swift */ = {isa = PBXFileReference; lastKnownFileType = sourcecode.swift; path = DataSources/NOAAAlertModels.swift; sourceTree = "<group>"; };
		80DC2BC32A6B44DC95C8D4BB /* HeaderCardView.swift */ = {isa = PBXFileReference; lastKnownFileType = sourcecode.swift; name = HeaderCardView.swift; path = UI/Forecast/Cards/HeaderCardView.swift; sourceTree = "<group>"; };
		82215DD8F53049A6AEED17F6 /* DailyCardView.swift */ = {isa = PBXFileReference; lastKnownFileType = sourcecode.swift; path = UI/Forecast/Cards/DailyCardView.swift; sourceTree = "<group>"; };
		87D5680F4DA24E25AD61EE9E /* NOAADataSource.swift */ = {isa = PBXFileReference; lastKnownFileType = sourcecode.swift; path = DataSources/NOAADataSource.swift; sourceTree = "<group>"; };
		8879DB8906CB4BD2B1C3A4B3 /* NOAAModels.swift */ = {isa = PBXFileReference; lastKnownFileType = sourcecode.swift; path = DataSources/NOAAModels.swift; sourceTree = "<group>"; };
		92A3789A2F6D95D50090F977 /* CloudshipWidgetExtension.appex */ = {isa = PBXFileReference; explicitFileType = "wrapper.app-extension"; includeInIndex = 0; path = CloudshipWidgetExtension.appex; sourceTree = BUILT_PRODUCTS_DIR; };
		92A3789B2F6D95D50090F977 /* WidgetKit.framework */ = {isa = PBXFileReference; lastKnownFileType = wrapper.framework; name = WidgetKit.framework; path = System/Library/Frameworks/WidgetKit.framework; sourceTree = SDKROOT; };
		92A3789D2F6D95D50090F977 /* SwiftUI.framework */ = {isa = PBXFileReference; lastKnownFileType = wrapper.framework; name = SwiftUI.framework; path = System/Library/Frameworks/SwiftUI.framework; sourceTree = SDKROOT; };
		92A378C02F6D98500090F977 /* CloudshipWidgetExtension.entitlements */ = {isa = PBXFileReference; lastKnownFileType = text.plist.entitlements; path = CloudshipWidgetExtension.entitlements; sourceTree = "<group>"; };
		92A37C062F745A950090F977 /* DailyBriefCardView.swift */ = {isa = PBXFileReference; lastKnownFileType = sourcecode.swift; path = DailyBriefCardView.swift; sourceTree = "<group>"; };
		92A37DA32F75F1A80090F977 /* ConsensusWeatherServiceTests.swift */ = {isa = PBXFileReference; lastKnownFileType = sourcecode.swift; path = ConsensusWeatherServiceTests.swift; sourceTree = "<group>"; };
		92A37DA42F75F1AA0090F977 /* SettingsLogicTests.swift */ = {isa = PBXFileReference; lastKnownFileType = sourcecode.swift; path = SettingsLogicTests.swift; sourceTree = "<group>"; };
		92A37DA52F75F43C0090F977 /* TemperatureFormatterTests.swift */ = {isa = PBXFileReference; lastKnownFileType = sourcecode.swift; path = TemperatureFormatterTests.swift; sourceTree = "<group>"; };
		92A37DA62F75F43D0090F977 /* WeatherModelsTests.swift */ = {isa = PBXFileReference; lastKnownFileType = sourcecode.swift; path = WeatherModelsTests.swift; sourceTree = "<group>"; };
		92A37DA72F75F4630090F977 /* SettingsUITests.swift */ = {isa = PBXFileReference; lastKnownFileType = sourcecode.swift; path = SettingsUITests.swift; sourceTree = "<group>"; };
		A1B2C3D4E5F6A7B8C9D0E1F2 /* WeatherColors.swift */ = {isa = PBXFileReference; lastKnownFileType = sourcecode.swift; path = UI/Shared/WeatherColors.swift; sourceTree = "<group>"; };
		A1BB0DE49D3208CC84861E0F /* Pods-Cloudship.debug.xcconfig */ = {isa = PBXFileReference; includeInIndex = 1; lastKnownFileType = text.xcconfig; name = "Pods-Cloudship.debug.xcconfig"; path = "Target Support Files/Pods-Cloudship/Pods-Cloudship.debug.xcconfig"; sourceTree = "<group>"; };
		A2B3C4D5E6F7A8B9C0D1E2F3 /* PrecipitationNotificationService.swift */ = {isa = PBXFileReference; lastKnownFileType = sourcecode.swift; path = Services/PrecipitationNotificationService.swift; sourceTree = "<group>"; };
		A34FCE7E1E9241D089FE3F4D /* MainTabBarController.swift */ = {isa = PBXFileReference; lastKnownFileType = sourcecode.swift; path = UI/MainTabBarController.swift; sourceTree = "<group>"; };
		A7DEABC4FD344E8682753FF2 /* CardView.swift */ = {isa = PBXFileReference; lastKnownFileType = sourcecode.swift; path = UI/Forecast/Cards/CardView.swift; sourceTree = "<group>"; };
		AA00000000000000000001 /* CloudshipTests.xctest */ = {isa = PBXFileReference; explicitFileType = wrapper.cfbundle; includeInIndex = 0; path = CloudshipTests.xctest; sourceTree = BUILT_PRODUCTS_DIR; };
		AA001001001001001001AA01 /* StationProximityService.swift */ = {isa = PBXFileReference; lastKnownFileType = sourcecode.swift; path = DataSources/StationProximityService.swift; sourceTree = "<group>"; };
		AA002002002002002002AA02 /* ConsensusWeatherService.swift */ = {isa = PBXFileReference; lastKnownFileType = sourcecode.swift; path = DataSources/ConsensusWeatherService.swift; sourceTree = "<group>"; };
		AA003003003003003003AA03 /* ConsensusBreakdownViewController.swift */ = {isa = PBXFileReference; lastKnownFileType = sourcecode.swift; path = UI/Consensus/ConsensusBreakdownViewController.swift; sourceTree = "<group>"; };
		AA1638EA54414FD5A2A6AF0A /* AlertDetailViewController.swift */ = {isa = PBXFileReference; lastKnownFileType = sourcecode.swift; path = UI/Alert/AlertDetailViewController.swift; sourceTree = "<group>"; };
		AA1B2C3D4E5F6A7B8C9D0E1F /* PirateWeatherModels.swift */ = {isa = PBXFileReference; lastKnownFileType = sourcecode.swift; path = DataSources/PirateWeatherModels.swift; sourceTree = "<group>"; };
		AD98DF9827CE48369FA9C14C /* WeatherDataSourceManager.swift */ = {isa = PBXFileReference; lastKnownFileType = sourcecode.swift; path = DataSources/WeatherDataSourceManager.swift; sourceTree = "<group>"; };
		B0B75167A62A545E6D8E45C0 /* AccuWeatherModels.swift */ = {isa = PBXFileReference; includeInIndex = 1; lastKnownFileType = sourcecode.swift; name = AccuWeatherModels.swift; path = DataSources/AccuWeatherModels.swift; sourceTree = "<group>"; };
		B1C2D3E4F5A6B7C8D9E0F1A2 /* OpenMeteoHistoricalDataSource.swift */ = {isa = PBXFileReference; lastKnownFileType = sourcecode.swift; path = DataSources/OpenMeteoHistoricalDataSource.swift; sourceTree = "<group>"; };
		B2BC1A9E2EB54D5C9EA68589 /* DateFormatHelper.swift */ = {isa = PBXFileReference; lastKnownFileType = sourcecode.swift; path = Shared/DateFormatHelper.swift; sourceTree = "<group>"; };
		B8419FDDA87C4DCC9A676651 /* MainForecastViewController.swift */ = {isa = PBXFileReference; lastKnownFileType = sourcecode.swift; path = UI/Forecast/MainForecastViewController.swift; sourceTree = "<group>"; };
		BB00000000000000000001 /* CloudshipUITests.xctest */ = {isa = PBXFileReference; explicitFileType = wrapper.cfbundle; includeInIndex = 0; path = CloudshipUITests.xctest; sourceTree = BUILT_PRODUCTS_DIR; };
		BB001001001001001001BB01 /* WeatherCache.swift */ = {isa = PBXFileReference; lastKnownFileType = sourcecode.swift; path = DataSources/WeatherCache.swift; sourceTree = "<group>"; };
		BB23CD45EF67089A12345678 /* OpenMeteoModels.swift */ = {isa = PBXFileReference; lastKnownFileType = sourcecode.swift; path = DataSources/OpenMeteoModels.swift; sourceTree = "<group>"; };
		C2D3E4F5A6B7C8D9E0F1A2B3 /* TimeMachineBannerView.swift */ = {isa = PBXFileReference; lastKnownFileType = sourcecode.swift; path = UI/Forecast/TimeMachineBannerView.swift; sourceTree = "<group>"; };
		C3739D4B5AF2401DB4F0949E /* AlertBannerCardView.swift */ = {isa = PBXFileReference; lastKnownFileType = sourcecode.swift; path = UI/Forecast/Cards/AlertBannerCardView.swift; sourceTree = "<group>"; };
		C5B395E9DE2E4BEE99AB9E60 /* TemperatureFormatter.swift */ = {isa = PBXFileReference; lastKnownFileType = sourcecode.swift; name = TemperatureFormatter.swift; path = Shared/TemperatureFormatter.swift; sourceTree = "<group>"; };
		CC010101010101010101CC01 /* OpenRouterService.swift */ = {isa = PBXFileReference; lastKnownFileType = sourcecode.swift; path = DataSources/OpenRouterService.swift; sourceTree = "<group>"; };
		CC030303030303030303CC03 /* AIWeatherChatViewController.swift */ = {isa = PBXFileReference; lastKnownFileType = sourcecode.swift; path = UI/AI/AIWeatherChatViewController.swift; sourceTree = "<group>"; };
		CC050505050505050505CC05 /* ActivityScoreEngine.swift */ = {isa = PBXFileReference; lastKnownFileType = sourcecode.swift; path = Scoring/ActivityScoreEngine.swift; sourceTree = "<group>"; };
		CC070707070707070707CC07 /* ActivityScoresCardView.swift */ = {isa = PBXFileReference; lastKnownFileType = sourcecode.swift; path = UI/Forecast/Cards/ActivityScoresCardView.swift; sourceTree = "<group>"; };
		CC1122334455667788990011 /* SubscriptionManager.swift */ = {isa = PBXFileReference; lastKnownFileType = sourcecode.swift; path = Services/SubscriptionManager.swift; sourceTree = "<group>"; };
		CC2233445566778899001122 /* PaywallViewController.swift */ = {isa = PBXFileReference; lastKnownFileType = sourcecode.swift; path = UI/Subscription/PaywallViewController.swift; sourceTree = "<group>"; };
		CC3344556677889900112233 /* AppleWeatherDataSource.swift */ = {isa = PBXFileReference; lastKnownFileType = sourcecode.swift; path = DataSources/AppleWeatherDataSource.swift; sourceTree = "<group>"; };
		D21908F926278F5B00FFB366 /* ClimacellV4.swift */ = {isa = PBXFileReference; lastKnownFileType = sourcecode.swift; path = ClimacellV4.swift; sourceTree = "<group>"; };
		D5E6F7A8B9C0D1E2F3A4B5C6 /* SavedLocationStore.swift */ = {isa = PBXFileReference; lastKnownFileType = sourcecode.swift; path = DataSources/SavedLocationStore.swift; sourceTree = "<group>"; };
		D7E8F9A0B1C2D3E4F5A6B7C8 /* WeatherTheme.swift */ = {isa = PBXFileReference; lastKnownFileType = sourcecode.swift; path = UI/Shared/WeatherTheme.swift; sourceTree = "<group>"; };
		D8E9F0A1B2C3D4E5F6A7B8C9 /* CardTintStyle.swift */ = {isa = PBXFileReference; lastKnownFileType = sourcecode.swift; path = UI/Shared/CardTintStyle.swift; sourceTree = "<group>"; };
		DD0101010101010101DD01 /* AISummaryService.swift */ = {isa = PBXFileReference; lastKnownFileType = sourcecode.swift; path = DataSources/AISummaryService.swift; sourceTree = "<group>"; };
		DD0303030303030303DD03 /* AISummaryCardView.swift */ = {isa = PBXFileReference; lastKnownFileType = sourcecode.swift; path = UI/Forecast/Cards/AISummaryCardView.swift; sourceTree = "<group>"; };
		DD45EF6789AB01BC3456789A /* OpenMeteoDataSource.swift */ = {isa = PBXFileReference; lastKnownFileType = sourcecode.swift; path = DataSources/OpenMeteoDataSource.swift; sourceTree = "<group>"; };
		DFE26352977A0BF1ABA3B69F /* Pods_Cloudship.framework */ = {isa = PBXFileReference; explicitFileType = wrapper.framework; includeInIndex = 0; path = Pods_Cloudship.framework; sourceTree = BUILT_PRODUCTS_DIR; };
		E374923DE9FB1E1B25F2F4F1 /* AccuWeatherDataSource.swift */ = {isa = PBXFileReference; includeInIndex = 1; lastKnownFileType = sourcecode.swift; name = AccuWeatherDataSource.swift; path = DataSources/AccuWeatherDataSource.swift; sourceTree = "<group>"; };
		E6F7A8B9C0D1E2F3A4B5C6D7 /* ManageLocationsViewController.swift */ = {isa = PBXFileReference; lastKnownFileType = sourcecode.swift; path = UI/Settings/ManageLocationsViewController.swift; sourceTree = "<group>"; };
		EE0101010101010101EE01 /* SharedWeatherData.swift */ = {isa = PBXFileReference; lastKnownFileType = sourcecode.swift; path = Shared/SharedWeatherData.swift; sourceTree = "<group>"; };
		EE0303030303030303EE03 /* WidgetDataWriter.swift */ = {isa = PBXFileReference; lastKnownFileType = sourcecode.swift; path = Shared/WidgetDataWriter.swift; sourceTree = "<group>"; };
		EE0505050505050505EE05 /* WeatherAnimationView.swift */ = {isa = PBXFileReference; lastKnownFileType = sourcecode.swift; path = UI/Forecast/WeatherAnimationView.swift; sourceTree = "<group>"; };
		EEF98949222745BD4081A74D /* Pods-Cloudship.release.xcconfig */ = {isa = PBXFileReference; includeInIndex = 1; lastKnownFileType = text.xcconfig; name = "Pods-Cloudship.release.xcconfig"; path = "Target Support Files/Pods-Cloudship/Pods-Cloudship.release.xcconfig"; sourceTree = "<group>"; };
		F1A2B3C4D5E6F7A8B9C0D1E2 /* BackgroundTaskManager.swift */ = {isa = PBXFileReference; lastKnownFileType = sourcecode.swift; path = Services/BackgroundTaskManager.swift; sourceTree = "<group>"; };
		F1A5DFCBB162407A9EE45CD2 /* MinutelyCardView.swift */ = {isa = PBXFileReference; lastKnownFileType = sourcecode.swift; path = UI/Forecast/Cards/MinutelyCardView.swift; sourceTree = "<group>"; };
		FA0101010101010101FA01 /* PrecipitationActivityAttributes.swift */ = {isa = PBXFileReference; lastKnownFileType = sourcecode.swift; path = Shared/PrecipitationActivityAttributes.swift; sourceTree = "<group>"; };
		FB0101010101010101FB01 /* PrecipitationLiveActivityManager.swift */ = {isa = PBXFileReference; lastKnownFileType = sourcecode.swift; path = Services/PrecipitationLiveActivityManager.swift; sourceTree = "<group>"; };
		FC0101010101010101FC01 /* ActivityKit.framework */ = {isa = PBXFileReference; lastKnownFileType = wrapper.framework; name = ActivityKit.framework; path = System/Library/Frameworks/ActivityKit.framework; sourceTree = SDKROOT; };
		FC45F78F15B14D7A9EE91D51 /* WeatherCodeMapper.swift */ = {isa = PBXFileReference; lastKnownFileType = sourcecode.swift; name = WeatherCodeMapper.swift; path = Shared/WeatherCodeMapper.swift; sourceTree = "<group>"; };
		FCF7A8C295D5464B958C65A8 /* WeatherDataSource.swift */ = {isa = PBXFileReference; lastKnownFileType = sourcecode.swift; path = DataSources/WeatherDataSource.swift; sourceTree = "<group>"; };
/* End PBXFileReference section */

/* Begin PBXFileSystemSynchronizedBuildFileExceptionSet section */
		92A378B02F6D95D60090F977 /* Exceptions for "CloudshipWidget" folder in "CloudshipWidgetExtension" target */ = {
			isa = PBXFileSystemSynchronizedBuildFileExceptionSet;
			membershipExceptions = (
				Info.plist,
			);
			target = 92A378992F6D95D50090F977 /* CloudshipWidgetExtension */;
		};
/* End PBXFileSystemSynchronizedBuildFileExceptionSet section */

/* Begin PBXFileSystemSynchronizedRootGroup section */
		92A3789F2F6D95D50090F977 /* CloudshipWidget */ = {
			isa = PBXFileSystemSynchronizedRootGroup;
			exceptions = (
				92A378B02F6D95D60090F977 /* Exceptions for "CloudshipWidget" folder in "CloudshipWidgetExtension" target */,
			);
			explicitFileTypes = {
			};
			explicitFolders = (
			);
			path = CloudshipWidget;
			sourceTree = "<group>";
		};
/* End PBXFileSystemSynchronizedRootGroup section */

/* Begin PBXFrameworksBuildPhase section */
		162DC5FE2020FAAB00C19DCE /* Frameworks */ = {
			isa = PBXFrameworksBuildPhase;
			buildActionMask = 2147483647;
			files = (
				37BBAD2F5CFFF2565F8B052C /* Pods_Cloudship.framework in Frameworks */,
				1D99DB50389843F3A9FCAE90 /* Lottie in Frameworks */,
				FC0202020202020202FC02 /* ActivityKit.framework in Frameworks */,
			);
			runOnlyForDeploymentPostprocessing = 0;
		};
		92A378972F6D95D50090F977 /* Frameworks */ = {
			isa = PBXFrameworksBuildPhase;
			buildActionMask = 2147483647;
			files = (
				92A3789E2F6D95D50090F977 /* SwiftUI.framework in Frameworks */,
				92A3789C2F6D95D50090F977 /* WidgetKit.framework in Frameworks */,
				FC0303030303030303FC03 /* ActivityKit.framework in Frameworks */,
			);
			runOnlyForDeploymentPostprocessing = 0;
		};
		AA00000000000000000004 /* Frameworks */ = {
			isa = PBXFrameworksBuildPhase;
			buildActionMask = 2147483647;
			files = (
			);
			runOnlyForDeploymentPostprocessing = 0;
		};
		BB00000000000000000004 /* Frameworks */ = {
			isa = PBXFrameworksBuildPhase;
			buildActionMask = 2147483647;
			files = (
			);
			runOnlyForDeploymentPostprocessing = 0;
		};
/* End PBXFrameworksBuildPhase section */

/* Begin PBXGroup section */
		16148A6D20EC2EFC00452F5D /* Settings */ = {
			isa = PBXGroup;
			children = (
				16148A6E20EC2F3400452F5D /* InfoViewController.swift */,
			);
			path = Settings;
			sourceTree = "<group>";
		};
		162DC5F82020FAAB00C19DCE = {
			isa = PBXGroup;
			children = (
				92A378C02F6D98500090F977 /* CloudshipWidgetExtension.entitlements */,
				16F5BD822100010600A93A03 /* Settings.bundle */,
				16148A7420F52AEF00452F5D /* SearchTableViewCell.swift */,
				16148A7220F3B0AD00452F5D /* SearchSearchTableView.swift */,
				16148A6D20EC2EFC00452F5D /* Settings */,
				162DC6032020FAAB00C19DCE /* Cloudship */,
				16C5223E214C4C9D007F9935 /* TodayExtension */,
				92A3789F2F6D95D50090F977 /* CloudshipWidget */,
				16C5223B214C4C9D007F9935 /* Frameworks */,
				162DC6022020FAAB00C19DCE /* Products */,
				248F29917683ABA8929D7DD8 /* Pods */,
				92A37D2D2F74EC660090F977 /* Recovered References */,
				92A37DA12F75F1560090F977 /* CloudshipTests */,
				92A37DA22F75F1570090F977 /* CloudshipUITests */,
			);
			sourceTree = "<group>";
		};
		162DC6022020FAAB00C19DCE /* Products */ = {
			isa = PBXGroup;
			children = (
				162DC6012020FAAB00C19DCE /* Cloudship.app */,
				92A3789A2F6D95D50090F977 /* CloudshipWidgetExtension.appex */,
				AA00000000000000000001 /* CloudshipTests.xctest */,
				BB00000000000000000001 /* CloudshipUITests.xctest */,
			);
			name = Products;
			sourceTree = "<group>";
		};
		162DC6032020FAAB00C19DCE /* Cloudship */ = {
			isa = PBXGroup;
			children = (
				D21908F826278F0100FFB366 /* Tomorrow.io */,
				16C5224C214C566D007F9935 /* Cloudship.entitlements */,
				162DC61A2020FDC500C19DCE /* Alerts */,
				162DC6192020FDBE00C19DCE /* Daily */,
				162DC6182020FDB700C19DCE /* Hourly */,
				162DC6172020FDAD00C19DCE /* Minutely */,
				162DC6162020FD9F00C19DCE /* Currently */,
				162DC6042020FAAB00C19DCE /* AppDelegate.swift */,
				162DC6062020FAAB00C19DCE /* ViewController.swift */,
				16D5C11520C6E83F00B5F44B /* CurrentlyTableViewCell.swift */,
				161BCA7120E2D92300AE984F /* LookingAheadCollectionViewCell.swift */,
				16695921215EAF60002BC386 /* RadarViewController.swift */,
				162DC6082020FAAB00C19DCE /* Main.storyboard */,
				162DC60B2020FAAB00C19DCE /* Assets.xcassets */,
				162DC60D2020FAAB00C19DCE /* LaunchScreen.storyboard */,
				162DC6102020FAAB00C19DCE /* Info.plist */,
				1620611320AF69A6004E00BD /* WeatherController.swift */,
				5036433DBE614771979DE8B6 /* UnifiedWeatherModels.swift */,
				BB001001001001001001BB01 /* WeatherCache.swift */,
				CC010101010101010101CC01 /* OpenRouterService.swift */,
				FCF7A8C295D5464B958C65A8 /* WeatherDataSource.swift */,
				12D7A2FD05E9477FAB8BD805 /* TomorrowIODataSource.swift */,
				8879DB8906CB4BD2B1C3A4B3 /* NOAAModels.swift */,
				87D5680F4DA24E25AD61EE9E /* NOAADataSource.swift */,
				766A94256EAD495AAC3A5AC9 /* NOAAAlertModels.swift */,
				AD98DF9827CE48369FA9C14C /* WeatherDataSourceManager.swift */,
				BB23CD45EF67089A12345678 /* OpenMeteoModels.swift */,
				DD45EF6789AB01BC3456789A /* OpenMeteoDataSource.swift */,
				5DEAD06BEC734AD881E3BD9F /* PrecipitationAnalyzer.swift */,
				AA1B2C3D4E5F6A7B8C9D0E1F /* PirateWeatherModels.swift */,
				1A2B3C4D5E6F7A8B9C0D1E2F /* PirateWeatherDataSource.swift */,
				CC3344556677889900112233 /* AppleWeatherDataSource.swift */,
				B2BC1A9E2EB54D5C9EA68589 /* DateFormatHelper.swift */,
				FC45F78F15B14D7A9EE91D51 /* WeatherCodeMapper.swift */,
				A34FCE7E1E9241D089FE3F4D /* MainTabBarController.swift */,
				B8419FDDA87C4DCC9A676651 /* MainForecastViewController.swift */,
				C5B395E9DE2E4BEE99AB9E60 /* TemperatureFormatter.swift */,
				A7DEABC4FD344E8682753FF2 /* CardView.swift */,
				80DC2BC32A6B44DC95C8D4BB /* HeaderCardView.swift */,
				82215DD8F53049A6AEED17F6 /* DailyCardView.swift */,
				2936012EBFF64B6798B8AF71 /* HourlyCardView.swift */,
				F1A5DFCBB162407A9EE45CD2 /* MinutelyCardView.swift */,
				623E1BB68FEC4BD6BF3F583C /* AirQualityCardView.swift */,
				349D9A52185E40BB96946278 /* PollenCardView.swift */,
				68F6815BC68C443DAD8AE3EF /* DailyDetailViewController.swift */,
				CC030303030303030303CC03 /* AIWeatherChatViewController.swift */,
				CC050505050505050505CC05 /* ActivityScoreEngine.swift */,
				CC070707070707070707CC07 /* ActivityScoresCardView.swift */,
				DD0101010101010101DD01 /* AISummaryService.swift */,
				DD0303030303030303DD03 /* AISummaryCardView.swift */,
				434F4C497BC1429B8CCA805C /* WindGustCardView.swift */,
				C3739D4B5AF2401DB4F0949E /* AlertBannerCardView.swift */,
				EE0505050505050505EE05 /* WeatherAnimationView.swift */,
				3C8BA9853D214D04BAA086AB /* DetailsCardView.swift */,
				AA1638EA54414FD5A2A6AF0A /* AlertDetailViewController.swift */,
				0D9992EDB3DB49328AD8A066 /* SettingsViewController.swift */,
				EE0101010101010101EE01 /* SharedWeatherData.swift */,
				FA0101010101010101FA01 /* PrecipitationActivityAttributes.swift */,
				EE0303030303030303EE03 /* WidgetDataWriter.swift */,
				A1B2C3D4E5F6A7B8C9D0E1F2 /* WeatherColors.swift */,
				D7E8F9A0B1C2D3E4F5A6B7C8 /* WeatherTheme.swift */,
				D8E9F0A1B2C3D4E5F6A7B8C9 /* CardTintStyle.swift */,
				B1C2D3E4F5A6B7C8D9E0F1A2 /* OpenMeteoHistoricalDataSource.swift */,
				C2D3E4F5A6B7C8D9E0F1A2B3 /* TimeMachineBannerView.swift */,
				F1A2B3C4D5E6F7A8B9C0D1E2 /* BackgroundTaskManager.swift */,
				A2B3C4D5E6F7A8B9C0D1E2F3 /* PrecipitationNotificationService.swift */,
				D5E6F7A8B9C0D1E2F3A4B5C6 /* SavedLocationStore.swift */,
				E6F7A8B9C0D1E2F3A4B5C6D7 /* ManageLocationsViewController.swift */,
				CC1122334455667788990011 /* SubscriptionManager.swift */,
				FB0101010101010101FB01 /* PrecipitationLiveActivityManager.swift */,
				CC2233445566778899001122 /* PaywallViewController.swift */,
				92A37C062F745A950090F977 /* DailyBriefCardView.swift */,
				AA001001001001001001AA01 /* StationProximityService.swift */,
				AA002002002002002002AA02 /* ConsensusWeatherService.swift */,
				AA003003003003003003AA03 /* ConsensusBreakdownViewController.swift */,
				B0B75167A62A545E6D8E45C0 /* AccuWeatherModels.swift */,
				E374923DE9FB1E1B25F2F4F1 /* AccuWeatherDataSource.swift */,
			);
			path = Cloudship;
			sourceTree = "<group>";
		};
		162DC6162020FD9F00C19DCE /* Currently */ = {
			isa = PBXGroup;
			children = (
				1620610D20AF66FE004E00BD /* Currently.swift */,
			);
			path = Currently;
			sourceTree = "<group>";
		};
		162DC6172020FDAD00C19DCE /* Minutely */ = {
			isa = PBXGroup;
			children = (
				1620610920AF6689004E00BD /* Minutely.swift */,
				1620610B20AF66B1004E00BD /* MinutelyData.swift */,
				1620611720B31F4A004E00BD /* MinutelyViewController.swift */,
				1646BDAE20BF7A28006FF7F5 /* MinutelyTableViewCell.swift */,
			);
			path = Minutely;
			sourceTree = "<group>";
		};
		162DC6182020FDB700C19DCE /* Hourly */ = {
			isa = PBXGroup;
			children = (
				1620610120AF63EE004E00BD /* Hourly.swift */,
				162DC61E2021043A00C19DCE /* HourlyViewController.swift */,
				1620610320AF6462004E00BD /* HourlyData.swift */,
				1646BDA520BDF175006FF7F5 /* HourlyTableViewCell.swift */,
			);
			path = Hourly;
			sourceTree = "<group>";
		};
		162DC6192020FDBE00C19DCE /* Daily */ = {
			isa = PBXGroup;
			children = (
				162DC6202021048700C19DCE /* DailyViewController.swift */,
				1620610520AF652D004E00BD /* Daily.swift */,
				1620610720AF6582004E00BD /* DailyData.swift */,
				1620611920B5C781004E00BD /* DailyTableViewCell.swift */,
			);
			path = Daily;
			sourceTree = "<group>";
		};
		162DC61A2020FDC500C19DCE /* Alerts */ = {
			isa = PBXGroup;
			children = (
				1620610F20AF6770004E00BD /* Alerts.swift */,
				168C8CF820C255A800D0413C /* AlertsViewController.swift */,
				168C8CFA20C25A7400D0413C /* AlertsTableViewCell.swift */,
			);
			path = Alerts;
			sourceTree = "<group>";
		};
		16C5223B214C4C9D007F9935 /* Frameworks */ = {
			isa = PBXGroup;
			children = (
				16C5223C214C4C9D007F9935 /* NotificationCenter.framework */,
				DFE26352977A0BF1ABA3B69F /* Pods_Cloudship.framework */,
				92A3789B2F6D95D50090F977 /* WidgetKit.framework */,
				92A3789D2F6D95D50090F977 /* SwiftUI.framework */,
			);
			name = Frameworks;
			sourceTree = "<group>";
		};
		16C5223E214C4C9D007F9935 /* TodayExtension */ = {
			isa = PBXGroup;
			children = (
				167E3821215008EF000ADA23 /* TodayExtension.entitlements */,
				16C5223F214C4C9D007F9935 /* TodayViewController.swift */,
				16C52241214C4C9D007F9935 /* MainInterface.storyboard */,
				16C52244214C4C9D007F9935 /* Info.plist */,
			);
			path = TodayExtension;
			sourceTree = "<group>";
		};
		248F29917683ABA8929D7DD8 /* Pods */ = {
			isa = PBXGroup;
			children = (
				A1BB0DE49D3208CC84861E0F /* Pods-Cloudship.debug.xcconfig */,
				EEF98949222745BD4081A74D /* Pods-Cloudship.release.xcconfig */,
			);
			path = Pods;
			sourceTree = "<group>";
		};
		92A37D2D2F74EC660090F977 /* Recovered References */ = {
			isa = PBXGroup;
			children = (
				FC0101010101010101FC01 /* ActivityKit.framework */,
			);
			name = "Recovered References";
			sourceTree = "<group>";
		};
		92A37DA12F75F1560090F977 /* CloudshipTests */ = {
			isa = PBXGroup;
			children = (
				92A37DA32F75F1A80090F977 /* ConsensusWeatherServiceTests.swift */,
				92A37DA42F75F1AA0090F977 /* SettingsLogicTests.swift */,
				92A37DA52F75F43C0090F977 /* TemperatureFormatterTests.swift */,
				92A37DA62F75F43D0090F977 /* WeatherModelsTests.swift */,
			);
			path = CloudshipTests;
			sourceTree = "<group>";
		};
		92A37DA22F75F1570090F977 /* CloudshipUITests */ = {
			isa = PBXGroup;
			children = (
				92A37DA72F75F4630090F977 /* SettingsUITests.swift */,
			);
			path = CloudshipUITests;
			sourceTree = "<group>";
		};
		D21908F826278F0100FFB366 /* Tomorrow.io */ = {
			isa = PBXGroup;
			children = (
				D21908F926278F5B00FFB366 /* ClimacellV4.swift */,
			);
			path = Tomorrow.io;
			sourceTree = "<group>";
		};
/* End PBXGroup section */

/* Begin PBXNativeTarget section */
		162DC6002020FAAB00C19DCE /* Cloudship */ = {
			isa = PBXNativeTarget;
			buildConfigurationList = 162DC6132020FAAB00C19DCE /* Build configuration list for PBXNativeTarget "Cloudship" */;
			buildPhases = (
				E040A744487574F147EC7BAC /* [CP] Check Pods Manifest.lock */,
				162DC5FD2020FAAB00C19DCE /* Sources */,
				162DC5FE2020FAAB00C19DCE /* Frameworks */,
				162DC5FF2020FAAB00C19DCE /* Resources */,
				16C5224B214C4C9D007F9935 /* Embed App Extensions */,
				B9F8D2D0802506F4DD341E15 /* [CP] Embed Pods Frameworks */,
				1665E0912243F59900CD9632 /* ShellScript */,
			);
			buildRules = (
			);
			dependencies = (
				92A378AC2F6D95D60090F977 /* PBXTargetDependency */,
			);
			name = Cloudship;
			packageProductDependencies = (
				7353D4B9AB6E48E4914713F7 /* Lottie */,
			);
			productName = Cloudship;
			productReference = 162DC6012020FAAB00C19DCE /* Cloudship.app */;
			productType = "com.apple.product-type.application";
		};
		92A378992F6D95D50090F977 /* CloudshipWidgetExtension */ = {
			isa = PBXNativeTarget;
			buildConfigurationList = 92A378B12F6D95D60090F977 /* Build configuration list for PBXNativeTarget "CloudshipWidgetExtension" */;
			buildPhases = (
				92A378962F6D95D50090F977 /* Sources */,
				92A378972F6D95D50090F977 /* Frameworks */,
				92A378982F6D95D50090F977 /* Resources */,
			);
			buildRules = (
			);
			dependencies = (
			);
			fileSystemSynchronizedGroups = (
				92A3789F2F6D95D50090F977 /* CloudshipWidget */,
			);
			name = CloudshipWidgetExtension;
			productName = CloudshipWidgetExtension;
			productReference = 92A3789A2F6D95D50090F977 /* CloudshipWidgetExtension.appex */;
			productType = "com.apple.product-type.app-extension";
		};
		AA00000000000000000002 /* CloudshipTests */ = {
			isa = PBXNativeTarget;
			buildConfigurationList = AA0000000000000000000D /* Build configuration list for PBXNativeTarget "CloudshipTests" */;
			buildPhases = (
				AA00000000000000000003 /* Sources */,
				AA00000000000000000004 /* Frameworks */,
			);
			buildRules = (
			);
			dependencies = (
				AA0000000000000000000A /* PBXTargetDependency */,
			);
			name = CloudshipTests;
			productName = CloudshipTests;
			productReference = AA00000000000000000001 /* CloudshipTests.xctest */;
			productType = "com.apple.product-type.bundle.unit-test";
		};
		BB00000000000000000002 /* CloudshipUITests */ = {
			isa = PBXNativeTarget;
			buildConfigurationList = BB0000000000000000000D /* Build configuration list for PBXNativeTarget "CloudshipUITests" */;
			buildPhases = (
				BB00000000000000000003 /* Sources */,
				BB00000000000000000004 /* Frameworks */,
			);
			buildRules = (
			);
			dependencies = (
				BB0000000000000000000A /* PBXTargetDependency */,
			);
			name = CloudshipUITests;
			productName = CloudshipUITests;
			productReference = BB00000000000000000001 /* CloudshipUITests.xctest */;
			productType = "com.apple.product-type.bundle.ui-testing";
		};
/* End PBXNativeTarget section */

/* Begin PBXProject section */
		162DC5F92020FAAB00C19DCE /* Project object */ = {
			isa = PBXProject;
			attributes = {
				LastSwiftUpdateCheck = 2630;
				LastUpgradeCheck = 0920;
				ORGANIZATIONNAME = "Scott Kriss";
				TargetAttributes = {
					162DC6002020FAAB00C19DCE = {
						CreatedOnToolsVersion = 9.2;
						LastSwiftMigration = 1010;
						ProvisioningStyle = Automatic;
						SystemCapabilities = {
							com.apple.ApplicationGroups.iOS = {
								enabled = 1;
							};
							com.apple.BackgroundModes = {
								enabled = 1;
							};
						};
					};
					92A378992F6D95D50090F977 = {
						CreatedOnToolsVersion = 26.3;
					};
					AA00000000000000000002 = {
						CreatedOnToolsVersion = 26.3;
						TestTargetID = 162DC6002020FAAB00C19DCE;
					};
					BB00000000000000000002 = {
						CreatedOnToolsVersion = 26.3;
						TestTargetID = 162DC6002020FAAB00C19DCE;
					};
				};
			};
			buildConfigurationList = 162DC5FC2020FAAB00C19DCE /* Build configuration list for PBXProject "Cloudship" */;
			compatibilityVersion = "Xcode 8.0";
			developmentRegion = en;
			hasScannedForEncodings = 0;
			knownRegions = (
				en,
				Base,
			);
			mainGroup = 162DC5F82020FAAB00C19DCE;
			packageReferences = (
				92A379172F6E618A0090F977 /* XCRemoteSwiftPackageReference "lottie-ios" */,
			);
			productRefGroup = 162DC6022020FAAB00C19DCE /* Products */;
			projectDirPath = "";
			projectRoot = "";
			targets = (
				162DC6002020FAAB00C19DCE /* Cloudship */,
				92A378992F6D95D50090F977 /* CloudshipWidgetExtension */,
				AA00000000000000000002 /* CloudshipTests */,
				BB00000000000000000002 /* CloudshipUITests */,
			);
		};
/* End PBXProject section */

/* Begin PBXResourcesBuildPhase section */
		162DC5FF2020FAAB00C19DCE /* Resources */ = {
			isa = PBXResourcesBuildPhase;
			buildActionMask = 2147483647;
			files = (
				16F5BD832100010600A93A03 /* Settings.bundle in Resources */,
				167E38222151F799000ADA23 /* MainInterface.storyboard in Resources */,
				162DC60F2020FAAB00C19DCE /* LaunchScreen.storyboard in Resources */,
				162DC60C2020FAAB00C19DCE /* Assets.xcassets in Resources */,
				162DC60A2020FAAB00C19DCE /* Main.storyboard in Resources */,
			);
			runOnlyForDeploymentPostprocessing = 0;
		};
		92A378982F6D95D50090F977 /* Resources */ = {
			isa = PBXResourcesBuildPhase;
			buildActionMask = 2147483647;
			files = (
			);
			runOnlyForDeploymentPostprocessing = 0;
		};
/* End PBXResourcesBuildPhase section */

/* Begin PBXShellScriptBuildPhase section */
		1665E0912243F59900CD9632 /* ShellScript */ = {
			isa = PBXShellScriptBuildPhase;
			buildActionMask = 2147483647;
			files = (
			);
			inputFileListPaths = (
			);
			inputPaths = (
			);
			outputFileListPaths = (
			);
			outputPaths = (
			);
			runOnlyForDeploymentPostprocessing = 0;
			shellPath = /bin/sh;
			shellScript = "# AerisWeather removed\n";
		};
		B9F8D2D0802506F4DD341E15 /* [CP] Embed Pods Frameworks */ = {
			isa = PBXShellScriptBuildPhase;
			buildActionMask = 2147483647;
			files = (
			);
			inputPaths = (
				"${PODS_ROOT}/Target Support Files/Pods-Cloudship/Pods-Cloudship-frameworks.sh",
				"${BUILT_PRODUCTS_DIR}/GoogleUtilities/GoogleUtilities.framework",
				"${BUILT_PRODUCTS_DIR}/nanopb/nanopb.framework",
			);
			name = "[CP] Embed Pods Frameworks";
			outputPaths = (
				"${TARGET_BUILD_DIR}/${FRAMEWORKS_FOLDER_PATH}/GoogleUtilities.framework",
				"${TARGET_BUILD_DIR}/${FRAMEWORKS_FOLDER_PATH}/nanopb.framework",
			);
			runOnlyForDeploymentPostprocessing = 0;
			shellPath = /bin/sh;
			shellScript = "\"${PODS_ROOT}/Target Support Files/Pods-Cloudship/Pods-Cloudship-frameworks.sh\"\n";
			showEnvVarsInLog = 0;
		};
		E040A744487574F147EC7BAC /* [CP] Check Pods Manifest.lock */ = {
			isa = PBXShellScriptBuildPhase;
			buildActionMask = 2147483647;
			files = (
			);
			inputFileListPaths = (
			);
			inputPaths = (
				"${PODS_PODFILE_DIR_PATH}/Podfile.lock",
				"${PODS_ROOT}/Manifest.lock",
			);
			name = "[CP] Check Pods Manifest.lock";
			outputFileListPaths = (
			);
			outputPaths = (
				"$(DERIVED_FILE_DIR)/Pods-Cloudship-checkManifestLockResult.txt",
			);
			runOnlyForDeploymentPostprocessing = 0;
			shellPath = /bin/sh;
			shellScript = "diff \"${PODS_PODFILE_DIR_PATH}/Podfile.lock\" \"${PODS_ROOT}/Manifest.lock\" > /dev/null\nif [ $? != 0 ] ; then\n    # print error to STDERR\n    echo \"error: The sandbox is not in sync with the Podfile.lock. Run 'pod install' or update your CocoaPods installation.\" >&2\n    exit 1\nfi\n# This output is used by Xcode 'outputs' to avoid re-running this script phase.\necho \"SUCCESS\" > \"${SCRIPT_OUTPUT_FILE_0}\"\n";
			showEnvVarsInLog = 0;
		};
/* End PBXShellScriptBuildPhase section */

/* Begin PBXSourcesBuildPhase section */
		162DC5FD2020FAAB00C19DCE /* Sources */ = {
			isa = PBXSourcesBuildPhase;
			buildActionMask = 2147483647;
			files = (
				D3E4F5A6B7C8D9E0F1A2B3C4 /* OpenMeteoHistoricalDataSource.swift in Sources */,
				E4F5A6B7C8D9E0F1A2B3C4D5 /* TimeMachineBannerView.swift in Sources */,
				53EE4E7A47804178836953BD /* PrecipitationAnalyzer.swift in Sources */,
				FF2E1D0C9B8A7F6E5D4C3B2A /* PirateWeatherModels.swift in Sources */,
				F2E1D0C9A8B7C6D5E4F3A2B1 /* PirateWeatherDataSource.swift in Sources */,
				D21908FA26278F5B00FFB366 /* ClimacellV4.swift in Sources */,
				1620610420AF6462004E00BD /* HourlyData.swift in Sources */,
				1620611020AF6770004E00BD /* Alerts.swift in Sources */,
				1620610620AF652D004E00BD /* Daily.swift in Sources */,
				168C8CFB20C25A7400D0413C /* AlertsTableViewCell.swift in Sources */,
				16148A7320F3B0AE00452F5D /* SearchSearchTableView.swift in Sources */,
				162DC61F2021043A00C19DCE /* HourlyViewController.swift in Sources */,
				168C8CF920C255A800D0413C /* AlertsViewController.swift in Sources */,
				16148A7520F52AEF00452F5D /* SearchTableViewCell.swift in Sources */,
				1620610A20AF6689004E00BD /* Minutely.swift in Sources */,
				1620610820AF6582004E00BD /* DailyData.swift in Sources */,
				1620610E20AF66FE004E00BD /* Currently.swift in Sources */,
				16148A6F20EC2F3500452F5D /* InfoViewController.swift in Sources */,
				16D5C11620C6E83F00B5F44B /* CurrentlyTableViewCell.swift in Sources */,
				1620611820B31F4A004E00BD /* MinutelyViewController.swift in Sources */,
				1620610220AF63EE004E00BD /* Hourly.swift in Sources */,
				1620611420AF69A6004E00BD /* WeatherController.swift in Sources */,
				1620610C20AF66B1004E00BD /* MinutelyData.swift in Sources */,
				162DC6072020FAAB00C19DCE /* ViewController.swift in Sources */,
				162DC6212021048700C19DCE /* DailyViewController.swift in Sources */,
				16695922215EAF60002BC386 /* RadarViewController.swift in Sources */,
				162DC6052020FAAB00C19DCE /* AppDelegate.swift in Sources */,
				1646BDAF20BF7A28006FF7F5 /* MinutelyTableViewCell.swift in Sources */,
				161BCA7220E2D92300AE984F /* LookingAheadCollectionViewCell.swift in Sources */,
				1646BDA620BDF175006FF7F5 /* HourlyTableViewCell.swift in Sources */,
				1620611A20B5C781004E00BD /* DailyTableViewCell.swift in Sources */,
				50971E353EC94488ACBCB44B /* UnifiedWeatherModels.swift in Sources */,
				BB002002002002002002BB02 /* WeatherCache.swift in Sources */,
				CC020202020202020202CC02 /* OpenRouterService.swift in Sources */,
				CAC95DC05F37486C91AE9DA5 /* WeatherDataSource.swift in Sources */,
				994BD254C61245F08BD02173 /* TomorrowIODataSource.swift in Sources */,
				E660633F44F3485C984EA118 /* NOAAModels.swift in Sources */,
				C1866956AF38495DACB044BE /* NOAADataSource.swift in Sources */,
				B4C106C3663847389C3A3620 /* NOAAAlertModels.swift in Sources */,
				0ED292ECF54F4C2E9F295311 /* WeatherDataSourceManager.swift in Sources */,
				AA12BC34DE56F78901234567 /* OpenMeteoModels.swift in Sources */,
				CC34DE56F78901AB23456789 /* OpenMeteoDataSource.swift in Sources */,
				39524CFD2C6C487592ABCF92 /* WeatherCodeMapper.swift in Sources */,
				683F03A96DDF4861BBF6208F /* TemperatureFormatter.swift in Sources */,
				975C3C61B2584CF8B0AC3C70 /* DateFormatHelper.swift in Sources */,
				C1E203800DBD4DDDA82FA0AC /* MainTabBarController.swift in Sources */,
				AE458E43367B4E75B22A3328 /* MainForecastViewController.swift in Sources */,
				BBCDB05168284F6F8C12D08B /* CardView.swift in Sources */,
				BD67AA6205D44A19B00037AA /* HeaderCardView.swift in Sources */,
				AE4AA244D4434097B78A125B /* DetailsCardView.swift in Sources */,
				2BFFE39F022F4237A179A2EA /* DailyCardView.swift in Sources */,
				FB598DCB43574CB7B794C358 /* HourlyCardView.swift in Sources */,
				92A37C072F745A950090F977 /* DailyBriefCardView.swift in Sources */,
				31AD2A0030CE4ED087EFCFC9 /* MinutelyCardView.swift in Sources */,
				39735FF173C64D0CB5AEB074 /* AirQualityCardView.swift in Sources */,
				D9EE5605106343FAB1334FC3 /* PollenCardView.swift in Sources */,
				D34972A9801A4768B2E2B682 /* DailyDetailViewController.swift in Sources */,
				CC040404040404040404CC04 /* AIWeatherChatViewController.swift in Sources */,
				CC060606060606060606CC06 /* ActivityScoreEngine.swift in Sources */,
				CC080808080808080808CC08 /* ActivityScoresCardView.swift in Sources */,
				DD0202020202020202DD02 /* AISummaryService.swift in Sources */,
				DD0404040404040404DD04 /* AISummaryCardView.swift in Sources */,
				C6F350E3885640288204C969 /* WindGustCardView.swift in Sources */,
				4CF0A6FC02FF4ED5BE915BFA /* AlertBannerCardView.swift in Sources */,
				EE0606060606060606EE06 /* WeatherAnimationView.swift in Sources */,
				57D141E4370348318F1DF8BB /* AlertDetailViewController.swift in Sources */,
				143DB078A2E046D1935085CE /* SettingsViewController.swift in Sources */,
				EE0202020202020202EE02 /* SharedWeatherData.swift in Sources */,
				FA0202020202020202FA02 /* PrecipitationActivityAttributes.swift in Sources */,
				EE0404040404040404EE04 /* WidgetDataWriter.swift in Sources */,
				F2E1D0C9B8A7F6E5D4C3B2A1 /* WeatherColors.swift in Sources */,
				E8F9A0B1C2D3E4F5A6B7C8D9 /* WeatherTheme.swift in Sources */,
				E9F0A1B2C3D4E5F6A7B8C9DA /* CardTintStyle.swift in Sources */,
				B3C4D5E6F7A8B9C0D1E2F3A4 /* BackgroundTaskManager.swift in Sources */,
				C4D5E6F7A8B9C0D1E2F3A4B5 /* PrecipitationNotificationService.swift in Sources */,
				F7A8B9C0D1E2F3A4B5C6D7E8 /* SavedLocationStore.swift in Sources */,
				A8B9C0D1E2F3A4B5C6D7E8F9 /* ManageLocationsViewController.swift in Sources */,
				BB1122334455667788990011 /* SubscriptionManager.swift in Sources */,
				FB0202020202020202FB02 /* PrecipitationLiveActivityManager.swift in Sources */,
				BB2233445566778899001122 /* PaywallViewController.swift in Sources */,
				BB3344556677889900112233 /* AppleWeatherDataSource.swift in Sources */,
				AB001001001001001001AB01 /* StationProximityService.swift in Sources */,
				AB002002002002002002AB02 /* ConsensusWeatherService.swift in Sources */,
				AB003003003003003003AB03 /* ConsensusBreakdownViewController.swift in Sources */,
				520E7B9611F121FAD89DB11A /* AccuWeatherModels.swift in Sources */,
				26330A7B3D732B68D1720CEB /* AccuWeatherDataSource.swift in Sources */,
			);
			runOnlyForDeploymentPostprocessing = 0;
		};
		92A378962F6D95D50090F977 /* Sources */ = {
			isa = PBXSourcesBuildPhase;
			buildActionMask = 2147483647;
			files = (
				92A378BF2F6D98240090F977 /* SharedWeatherData.swift in Sources */,
				FA0303030303030303FA03 /* PrecipitationActivityAttributes.swift in Sources */,
			);
			runOnlyForDeploymentPostprocessing = 0;
		};
		AA00000000000000000003 /* Sources */ = {
			isa = PBXSourcesBuildPhase;
			buildActionMask = 2147483647;
			files = (
				AA00000000000000000005 /* ConsensusWeatherServiceTests.swift in Sources */,
				AA00000000000000000006 /* SettingsLogicTests.swift in Sources */,
				AA00000000000000000007 /* TemperatureFormatterTests.swift in Sources */,
				AA00000000000000000008 /* WeatherModelsTests.swift in Sources */,
			);
			runOnlyForDeploymentPostprocessing = 0;
		};
		BB00000000000000000003 /* Sources */ = {
			isa = PBXSourcesBuildPhase;
			buildActionMask = 2147483647;
			files = (
				BB00000000000000000005 /* SettingsUITests.swift in Sources */,
			);
			runOnlyForDeploymentPostprocessing = 0;
		};
/* End PBXSourcesBuildPhase section */

/* Begin PBXTargetDependency section */
		92A378AC2F6D95D60090F977 /* PBXTargetDependency */ = {
			isa = PBXTargetDependency;
			target = 92A378992F6D95D50090F977 /* CloudshipWidgetExtension */;
			targetProxy = 92A378AB2F6D95D60090F977 /* PBXContainerItemProxy */;
		};
		AA0000000000000000000A /* PBXTargetDependency */ = {
			isa = PBXTargetDependency;
			target = 162DC6002020FAAB00C19DCE /* Cloudship */;
			targetProxy = AA00000000000000000009 /* PBXContainerItemProxy */;
		};
		BB0000000000000000000A /* PBXTargetDependency */ = {
			isa = PBXTargetDependency;
			target = 162DC6002020FAAB00C19DCE /* Cloudship */;
			targetProxy = BB00000000000000000009 /* PBXContainerItemProxy */;
		};
/* End PBXTargetDependency section */

/* Begin PBXVariantGroup section */
		162DC6082020FAAB00C19DCE /* Main.storyboard */ = {
			isa = PBXVariantGroup;
			children = (
				162DC6092020FAAB00C19DCE /* Base */,
			);
			name = Main.storyboard;
			sourceTree = "<group>";
		};
		162DC60D2020FAAB00C19DCE /* LaunchScreen.storyboard */ = {
			isa = PBXVariantGroup;
			children = (
				162DC60E2020FAAB00C19DCE /* Base */,
			);
			name = LaunchScreen.storyboard;
			sourceTree = "<group>";
		};
		16C52241214C4C9D007F9935 /* MainInterface.storyboard */ = {
			isa = PBXVariantGroup;
			children = (
				16C52242214C4C9D007F9935 /* Base */,
			);
			name = MainInterface.storyboard;
			sourceTree = "<group>";
		};
/* End PBXVariantGroup section */

/* Begin XCBuildConfiguration section */
		162DC6112020FAAB00C19DCE /* Debug */ = {
			isa = XCBuildConfiguration;
			buildSettings = {
				ALWAYS_SEARCH_USER_PATHS = NO;
				CLANG_ANALYZER_NONNULL = YES;
				CLANG_ANALYZER_NUMBER_OBJECT_CONVERSION = YES_AGGRESSIVE;
				CLANG_CXX_LANGUAGE_STANDARD = "gnu++14";
				CLANG_CXX_LIBRARY = "libc++";
				CLANG_ENABLE_MODULES = YES;
				CLANG_ENABLE_OBJC_ARC = YES;
				CLANG_WARN_BLOCK_CAPTURE_AUTORELEASING = YES;
				CLANG_WARN_BOOL_CONVERSION = YES;
				CLANG_WARN_COMMA = YES;
				CLANG_WARN_CONSTANT_CONVERSION = YES;
				CLANG_WARN_DIRECT_OBJC_ISA_USAGE = YES_ERROR;
				CLANG_WARN_DOCUMENTATION_COMMENTS = YES;
				CLANG_WARN_EMPTY_BODY = YES;
				CLANG_WARN_ENUM_CONVERSION = YES;
				CLANG_WARN_INFINITE_RECURSION = YES;
				CLANG_WARN_INT_CONVERSION = YES;
				CLANG_WARN_NON_LITERAL_NULL_CONVERSION = YES;
				CLANG_WARN_OBJC_LITERAL_CONVERSION = YES;
				CLANG_WARN_OBJC_ROOT_CLASS = YES_ERROR;
				CLANG_WARN_RANGE_LOOP_ANALYSIS = YES;
				CLANG_WARN_STRICT_PROTOTYPES = YES;
				CLANG_WARN_SUSPICIOUS_MOVE = YES;
				CLANG_WARN_UNGUARDED_AVAILABILITY = YES_AGGRESSIVE;
				CLANG_WARN_UNREACHABLE_CODE = YES;
				CLANG_WARN__DUPLICATE_METHOD_MATCH = YES;
				CODE_SIGN_IDENTITY = "iPhone Developer";
				COPY_PHASE_STRIP = NO;
				DEBUG_INFORMATION_FORMAT = dwarf;
				ENABLE_DEBUG_DYLIB = NO;
				ENABLE_STRICT_OBJC_MSGSEND = YES;
				ENABLE_TESTABILITY = YES;
				GCC_C_LANGUAGE_STANDARD = gnu11;
				GCC_DYNAMIC_NO_PIC = NO;
				GCC_NO_COMMON_BLOCKS = YES;
				GCC_OPTIMIZATION_LEVEL = 0;
				GCC_PREPROCESSOR_DEFINITIONS = (
					"DEBUG=1",
					"$(inherited)",
				);
				GCC_WARN_64_TO_32_BIT_CONVERSION = YES;
				GCC_WARN_ABOUT_RETURN_TYPE = YES_ERROR;
				GCC_WARN_UNDECLARED_SELECTOR = YES;
				GCC_WARN_UNINITIALIZED_AUTOS = YES_AGGRESSIVE;
				GCC_WARN_UNUSED_FUNCTION = YES;
				GCC_WARN_UNUSED_VARIABLE = YES;
				IPHONEOS_DEPLOYMENT_TARGET = 13.0;
				MTL_ENABLE_DEBUG_INFO = YES;
				ONLY_ACTIVE_ARCH = YES;
				SDKROOT = iphoneos;
				SWIFT_ACTIVE_COMPILATION_CONDITIONS = DEBUG;
				SWIFT_OPTIMIZATION_LEVEL = "-Onone";
			};
			name = Debug;
		};
		162DC6122020FAAB00C19DCE /* Release */ = {
			isa = XCBuildConfiguration;
			buildSettings = {
				ALWAYS_SEARCH_USER_PATHS = NO;
				CLANG_ANALYZER_NONNULL = YES;
				CLANG_ANALYZER_NUMBER_OBJECT_CONVERSION = YES_AGGRESSIVE;
				CLANG_CXX_LANGUAGE_STANDARD = "gnu++14";
				CLANG_CXX_LIBRARY = "libc++";
				CLANG_ENABLE_MODULES = YES;
				CLANG_ENABLE_OBJC_ARC = YES;
				CLANG_WARN_BLOCK_CAPTURE_AUTORELEASING = YES;
				CLANG_WARN_BOOL_CONVERSION = YES;
				CLANG_WARN_COMMA = YES;
				CLANG_WARN_CONSTANT_CONVERSION = YES;
				CLANG_WARN_DIRECT_OBJC_ISA_USAGE = YES_ERROR;
				CLANG_WARN_DOCUMENTATION_COMMENTS = YES;
				CLANG_WARN_EMPTY_BODY = YES;
				CLANG_WARN_ENUM_CONVERSION = YES;
				CLANG_WARN_INFINITE_RECURSION = YES;
				CLANG_WARN_INT_CONVERSION = YES;
				CLANG_WARN_NON_LITERAL_NULL_CONVERSION = YES;
				CLANG_WARN_OBJC_LITERAL_CONVERSION = YES;
				CLANG_WARN_OBJC_ROOT_CLASS = YES_ERROR;
				CLANG_WARN_RANGE_LOOP_ANALYSIS = YES;
				CLANG_WARN_STRICT_PROTOTYPES = YES;
				CLANG_WARN_SUSPICIOUS_MOVE = YES;
				CLANG_WARN_UNGUARDED_AVAILABILITY = YES_AGGRESSIVE;
				CLANG_WARN_UNREACHABLE_CODE = YES;
				CLANG_WARN__DUPLICATE_METHOD_MATCH = YES;
				CODE_SIGN_IDENTITY = "iPhone Developer";
				COPY_PHASE_STRIP = NO;
				DEBUG_INFORMATION_FORMAT = "dwarf-with-dsym";
				ENABLE_DEBUG_DYLIB = NO;
				ENABLE_NS_ASSERTIONS = NO;
				ENABLE_STRICT_OBJC_MSGSEND = YES;
				GCC_C_LANGUAGE_STANDARD = gnu11;
				GCC_NO_COMMON_BLOCKS = YES;
				GCC_WARN_64_TO_32_BIT_CONVERSION = YES;
				GCC_WARN_ABOUT_RETURN_TYPE = YES_ERROR;
				GCC_WARN_UNDECLARED_SELECTOR = YES;
				GCC_WARN_UNINITIALIZED_AUTOS = YES_AGGRESSIVE;
				GCC_WARN_UNUSED_FUNCTION = YES;
				GCC_WARN_UNUSED_VARIABLE = YES;
				IPHONEOS_DEPLOYMENT_TARGET = 13.0;
				MTL_ENABLE_DEBUG_INFO = NO;
				SDKROOT = iphoneos;
				SWIFT_COMPILATION_MODE = wholemodule;
				SWIFT_OPTIMIZATION_LEVEL = "-O";
				VALIDATE_PRODUCT = YES;
			};
			name = Release;
		};
		162DC6142020FAAB00C19DCE /* Debug */ = {
			isa = XCBuildConfiguration;
			baseConfigurationReference = A1BB0DE49D3208CC84861E0F /* Pods-Cloudship.debug.xcconfig */;
			buildSettings = {
				ALWAYS_EMBED_SWIFT_STANDARD_LIBRARIES = YES;
				ASSETCATALOG_COMPILER_APPICON_NAME = AppIcon;
				CODE_SIGN_ENTITLEMENTS = Cloudship/Cloudship.entitlements;
				CODE_SIGN_STYLE = Automatic;
				DEVELOPMENT_TEAM = 6QK74KTAZV;
				ENABLE_DEBUG_DYLIB = NO;
				INFOPLIST_FILE = Cloudship/Info.plist;
				IPHONEOS_DEPLOYMENT_TARGET = 17.2;
				LD_RUNPATH_SEARCH_PATHS = (
					"$(inherited)",
					"@executable_path/Frameworks",
				);
				OTHER_LDFLAGS = (
					"$(inherited)",
					"-ld_classic",
					"-ObjC",
					"-l\"c++\"",
					"-l\"sqlite3\"",
					"-l\"z\"",
					"-framework",
					"\"AVFoundation\"",
					"-framework",
					"\"AudioToolbox\"",
					"-framework",
					"\"CFNetwork\"",
					"-framework",
					"\"CoreGraphics\"",
					"-framework",
					"\"CoreMedia\"",
					"-framework",
					"\"CoreTelephony\"",
					"-framework",
					"\"CoreVideo\"",
					"-framework",
					"\"Foundation\"",
					"-framework",
					"\"GoogleAppMeasurement\"",
					"-framework",
					"\"GoogleMobileAds\"",
					"-framework",
					"\"GoogleUtilities\"",
					"-framework",
					"\"MapKit\"",
					"-framework",
					"\"MediaPlayer\"",
					"-framework",
					"\"MessageUI\"",
					"-framework",
					"\"MobileCoreServices\"",
					"-framework",
					"\"QuartzCore\"",
					"-framework",
					"\"Security\"",
					"-framework",
					"\"StoreKit\"",
					"-framework",
					"\"SystemConfiguration\"",
					"-framework",
					"\"UIKit\"",
					"-framework",
					"\"nanopb\"",
					"-weak_framework",
					"\"AdSupport\"",
					"-weak_framework",
					"\"JavaScriptCore\"",
					"-weak_framework",
					"\"SafariServices\"",
					"-weak_framework",
					"\"WebKit\"",
				);
				PRODUCT_BUNDLE_IDENTIFIER = "com.happygiraffe.Cloudship-test";
				PRODUCT_NAME = "$(TARGET_NAME)";
				SWIFT_VERSION = 4.2;
				TARGETED_DEVICE_FAMILY = "1,2";
			};
			name = Debug;
		};
		162DC6152020FAAB00C19DCE /* Release */ = {
			isa = XCBuildConfiguration;
			baseConfigurationReference = EEF98949222745BD4081A74D /* Pods-Cloudship.release.xcconfig */;
			buildSettings = {
				ALWAYS_EMBED_SWIFT_STANDARD_LIBRARIES = YES;
				ASSETCATALOG_COMPILER_APPICON_NAME = AppIcon;
				CODE_SIGN_ENTITLEMENTS = Cloudship/Cloudship.entitlements;
				CODE_SIGN_STYLE = Automatic;
				DEVELOPMENT_TEAM = 6QK74KTAZV;
				ENABLE_DEBUG_DYLIB = NO;
				INFOPLIST_FILE = Cloudship/Info.plist;
				IPHONEOS_DEPLOYMENT_TARGET = 17.2;
				LD_RUNPATH_SEARCH_PATHS = (
					"$(inherited)",
					"@executable_path/Frameworks",
				);
				OTHER_LDFLAGS = (
					"$(inherited)",
					"-ld_classic",
					"-ObjC",
					"-l\"c++\"",
					"-l\"sqlite3\"",
					"-l\"z\"",
					"-framework",
					"\"AVFoundation\"",
					"-framework",
					"\"AudioToolbox\"",
					"-framework",
					"\"CFNetwork\"",
					"-framework",
					"\"CoreGraphics\"",
					"-framework",
					"\"CoreMedia\"",
					"-framework",
					"\"CoreTelephony\"",
					"-framework",
					"\"CoreVideo\"",
					"-framework",
					"\"Foundation\"",
					"-framework",
					"\"GoogleAppMeasurement\"",
					"-framework",
					"\"GoogleMobileAds\"",
					"-framework",
					"\"GoogleUtilities\"",
					"-framework",
					"\"MapKit\"",
					"-framework",
					"\"MediaPlayer\"",
					"-framework",
					"\"MessageUI\"",
					"-framework",
					"\"MobileCoreServices\"",
					"-framework",
					"\"QuartzCore\"",
					"-framework",
					"\"Security\"",
					"-framework",
					"\"StoreKit\"",
					"-framework",
					"\"SystemConfiguration\"",
					"-framework",
					"\"UIKit\"",
					"-framework",
					"\"nanopb\"",
					"-weak_framework",
					"\"AdSupport\"",
					"-weak_framework",
					"\"JavaScriptCore\"",
					"-weak_framework",
					"\"SafariServices\"",
					"-weak_framework",
					"\"WebKit\"",
				);
				PRODUCT_BUNDLE_IDENTIFIER = "com.happygiraffe.Cloudship-test";
				PRODUCT_NAME = "$(TARGET_NAME)";
				SWIFT_VERSION = 4.2;
				TARGETED_DEVICE_FAMILY = "1,2";
			};
			name = Release;
		};
		92A378AE2F6D95D60090F977 /* Debug */ = {
			isa = XCBuildConfiguration;
			buildSettings = {
				ASSETCATALOG_COMPILER_GENERATE_SWIFT_ASSET_SYMBOL_EXTENSIONS = YES;
				ASSETCATALOG_COMPILER_GLOBAL_ACCENT_COLOR_NAME = AccentColor;
				ASSETCATALOG_COMPILER_WIDGET_BACKGROUND_COLOR_NAME = WidgetBackground;
				CLANG_CXX_LANGUAGE_STANDARD = "gnu++20";
				CLANG_ENABLE_OBJC_WEAK = YES;
				CLANG_WARN_DEPRECATED_OBJC_IMPLEMENTATIONS = YES;
				CLANG_WARN_OBJC_IMPLICIT_RETAIN_SELF = YES;
				CLANG_WARN_QUOTED_INCLUDE_IN_FRAMEWORK_HEADER = YES;
				CODE_SIGN_ENTITLEMENTS = CloudshipWidgetExtension.entitlements;
				CODE_SIGN_STYLE = Automatic;
				CURRENT_PROJECT_VERSION = 1;
				DEVELOPMENT_TEAM = 6QK74KTAZV;
				ENABLE_USER_SCRIPT_SANDBOXING = YES;
				GCC_C_LANGUAGE_STANDARD = gnu17;
				GENERATE_INFOPLIST_FILE = YES;
				INFOPLIST_FILE = CloudshipWidget/Info.plist;
				INFOPLIST_KEY_CFBundleDisplayName = CloudshipWidget;
				INFOPLIST_KEY_NSHumanReadableCopyright = "Copyright © 2026 Scott Kriss. All rights reserved.";
				IPHONEOS_DEPLOYMENT_TARGET = 26.2;
				LD_RUNPATH_SEARCH_PATHS = (
					"$(inherited)",
					"@executable_path/Frameworks",
					"@executable_path/../../Frameworks",
				);
				LOCALIZATION_PREFERS_STRING_CATALOGS = YES;
				MARKETING_VERSION = 1.0;
				MTL_ENABLE_DEBUG_INFO = INCLUDE_SOURCE;
				MTL_FAST_MATH = YES;
				PRODUCT_BUNDLE_IDENTIFIER = "com.happygiraffe.Cloudship-test.CloudshipWidget";
				PRODUCT_NAME = "$(TARGET_NAME)";
				SKIP_INSTALL = YES;
				STRING_CATALOG_GENERATE_SYMBOLS = YES;
				SWIFT_ACTIVE_COMPILATION_CONDITIONS = "DEBUG $(inherited)";
				SWIFT_APPROACHABLE_CONCURRENCY = YES;
				SWIFT_EMIT_LOC_STRINGS = YES;
				SWIFT_UPCOMING_FEATURE_MEMBER_IMPORT_VISIBILITY = YES;
				SWIFT_VERSION = 5.0;
				TARGETED_DEVICE_FAMILY = "1,2";
			};
			name = Debug;
		};
		92A378AF2F6D95D60090F977 /* Release */ = {
			isa = XCBuildConfiguration;
			buildSettings = {
				ASSETCATALOG_COMPILER_GENERATE_SWIFT_ASSET_SYMBOL_EXTENSIONS = YES;
				ASSETCATALOG_COMPILER_GLOBAL_ACCENT_COLOR_NAME = AccentColor;
				ASSETCATALOG_COMPILER_WIDGET_BACKGROUND_COLOR_NAME = WidgetBackground;
				CLANG_CXX_LANGUAGE_STANDARD = "gnu++20";
				CLANG_ENABLE_OBJC_WEAK = YES;
				CLANG_WARN_DEPRECATED_OBJC_IMPLEMENTATIONS = YES;
				CLANG_WARN_OBJC_IMPLICIT_RETAIN_SELF = YES;
				CLANG_WARN_QUOTED_INCLUDE_IN_FRAMEWORK_HEADER = YES;
				CODE_SIGN_ENTITLEMENTS = CloudshipWidgetExtension.entitlements;
				CODE_SIGN_STYLE = Automatic;
				CURRENT_PROJECT_VERSION = 1;
				DEVELOPMENT_TEAM = 6QK74KTAZV;
				ENABLE_USER_SCRIPT_SANDBOXING = YES;
				GCC_C_LANGUAGE_STANDARD = gnu17;
				GENERATE_INFOPLIST_FILE = YES;
				INFOPLIST_FILE = CloudshipWidget/Info.plist;
				INFOPLIST_KEY_CFBundleDisplayName = CloudshipWidget;
				INFOPLIST_KEY_NSHumanReadableCopyright = "Copyright © 2026 Scott Kriss. All rights reserved.";
				IPHONEOS_DEPLOYMENT_TARGET = 26.2;
				LD_RUNPATH_SEARCH_PATHS = (
					"$(inherited)",
					"@executable_path/Frameworks",
					"@executable_path/../../Frameworks",
				);
				LOCALIZATION_PREFERS_STRING_CATALOGS = YES;
				MARKETING_VERSION = 1.0;
				MTL_FAST_MATH = YES;
				PRODUCT_BUNDLE_IDENTIFIER = "com.happygiraffe.Cloudship-test.CloudshipWidget";
				PRODUCT_NAME = "$(TARGET_NAME)";
				SKIP_INSTALL = YES;
				STRING_CATALOG_GENERATE_SYMBOLS = YES;
				SWIFT_APPROACHABLE_CONCURRENCY = YES;
				SWIFT_EMIT_LOC_STRINGS = YES;
				SWIFT_UPCOMING_FEATURE_MEMBER_IMPORT_VISIBILITY = YES;
				SWIFT_VERSION = 5.0;
				TARGETED_DEVICE_FAMILY = "1,2";
			};
			name = Release;
		};
		AA0000000000000000000B /* Debug */ = {
			isa = XCBuildConfiguration;
			baseConfigurationReference = A1BB0DE49D3208CC84861E0F /* Pods-Cloudship.debug.xcconfig */;
			buildSettings = {
				BUNDLE_LOADER = "$(TEST_HOST)";
				CLANG_CXX_LANGUAGE_STANDARD = "gnu++20";
				CLANG_ENABLE_OBJC_WEAK = YES;
				CLANG_WARN_DEPRECATED_OBJC_IMPLEMENTATIONS = YES;
				CLANG_WARN_OBJC_IMPLICIT_RETAIN_SELF = YES;
				CLANG_WARN_QUOTED_INCLUDE_IN_FRAMEWORK_HEADER = YES;
				CODE_SIGN_STYLE = Automatic;
				CURRENT_PROJECT_VERSION = 1;
				DEVELOPMENT_TEAM = 6QK74KTAZV;
				GCC_C_LANGUAGE_STANDARD = gnu17;
				GENERATE_INFOPLIST_FILE = YES;
				IPHONEOS_DEPLOYMENT_TARGET = 17.2;
				LD_RUNPATH_SEARCH_PATHS = (
					"$(inherited)",
					"@executable_path/Frameworks",
					"@loader_path/Frameworks",
				);
				MARKETING_VERSION = 1.0;
				PRODUCT_BUNDLE_IDENTIFIER = "com.happygiraffe.Cloudship-test.CloudshipTests";
				PRODUCT_NAME = "$(TARGET_NAME)";
				SWIFT_ACTIVE_COMPILATION_CONDITIONS = "DEBUG $(inherited)";
				SWIFT_VERSION = 5.0;
				TARGETED_DEVICE_FAMILY = "1,2";
				TEST_HOST = "$(BUILT_PRODUCTS_DIR)/Cloudship.app/$(BUNDLE_EXECUTABLE_FOLDER_PATH)/Cloudship";
			};
			name = Debug;
		};
		AA0000000000000000000C /* Release */ = {
			isa = XCBuildConfiguration;
			baseConfigurationReference = EEF98949222745BD4081A74D /* Pods-Cloudship.release.xcconfig */;
			buildSettings = {
				BUNDLE_LOADER = "$(TEST_HOST)";
				CLANG_CXX_LANGUAGE_STANDARD = "gnu++20";
				CLANG_ENABLE_OBJC_WEAK = YES;
				CLANG_WARN_DEPRECATED_OBJC_IMPLEMENTATIONS = YES;
				CLANG_WARN_OBJC_IMPLICIT_RETAIN_SELF = YES;
				CLANG_WARN_QUOTED_INCLUDE_IN_FRAMEWORK_HEADER = YES;
				CODE_SIGN_STYLE = Automatic;
				CURRENT_PROJECT_VERSION = 1;
				DEVELOPMENT_TEAM = 6QK74KTAZV;
				GCC_C_LANGUAGE_STANDARD = gnu17;
				GENERATE_INFOPLIST_FILE = YES;
				IPHONEOS_DEPLOYMENT_TARGET = 17.2;
				LD_RUNPATH_SEARCH_PATHS = (
					"$(inherited)",
					"@executable_path/Frameworks",
					"@loader_path/Frameworks",
				);
				MARKETING_VERSION = 1.0;
				PRODUCT_BUNDLE_IDENTIFIER = "com.happygiraffe.Cloudship-test.CloudshipTests";
				PRODUCT_NAME = "$(TARGET_NAME)";
				SWIFT_VERSION = 5.0;
				TARGETED_DEVICE_FAMILY = "1,2";
				TEST_HOST = "$(BUILT_PRODUCTS_DIR)/Cloudship.app/$(BUNDLE_EXECUTABLE_FOLDER_PATH)/Cloudship";
			};
			name = Release;
		};
		BB0000000000000000000B /* Debug */ = {
			isa = XCBuildConfiguration;
			buildSettings = {
				CLANG_CXX_LANGUAGE_STANDARD = "gnu++20";
				CLANG_ENABLE_OBJC_WEAK = YES;
				CLANG_WARN_DEPRECATED_OBJC_IMPLEMENTATIONS = YES;
				CLANG_WARN_OBJC_IMPLICIT_RETAIN_SELF = YES;
				CLANG_WARN_QUOTED_INCLUDE_IN_FRAMEWORK_HEADER = YES;
				CODE_SIGN_STYLE = Automatic;
				CURRENT_PROJECT_VERSION = 1;
				DEVELOPMENT_TEAM = 6QK74KTAZV;
				GCC_C_LANGUAGE_STANDARD = gnu17;
				GENERATE_INFOPLIST_FILE = YES;
				IPHONEOS_DEPLOYMENT_TARGET = 17.2;
				LD_RUNPATH_SEARCH_PATHS = (
					"$(inherited)",
					"@executable_path/Frameworks",
					"@loader_path/Frameworks",
				);
				MARKETING_VERSION = 1.0;
				PRODUCT_BUNDLE_IDENTIFIER = "com.happygiraffe.Cloudship-test.CloudshipUITests";
				PRODUCT_NAME = "$(TARGET_NAME)";
				SWIFT_ACTIVE_COMPILATION_CONDITIONS = "DEBUG $(inherited)";
				SWIFT_VERSION = 5.0;
				TARGETED_DEVICE_FAMILY = "1,2";
				TEST_TARGET_NAME = Cloudship;
			};
			name = Debug;
		};
		BB0000000000000000000C /* Release */ = {
			isa = XCBuildConfiguration;
			buildSettings = {
				CLANG_CXX_LANGUAGE_STANDARD = "gnu++20";
				CLANG_ENABLE_OBJC_WEAK = YES;
				CLANG_WARN_DEPRECATED_OBJC_IMPLEMENTATIONS = YES;
				CLANG_WARN_OBJC_IMPLICIT_RETAIN_SELF = YES;
				CLANG_WARN_QUOTED_INCLUDE_IN_FRAMEWORK_HEADER = YES;
				CODE_SIGN_STYLE = Automatic;
				CURRENT_PROJECT_VERSION = 1;
				DEVELOPMENT_TEAM = 6QK74KTAZV;
				GCC_C_LANGUAGE_STANDARD = gnu17;
				GENERATE_INFOPLIST_FILE = YES;
				IPHONEOS_DEPLOYMENT_TARGET = 17.2;
				LD_RUNPATH_SEARCH_PATHS = (
					"$(inherited)",
					"@executable_path/Frameworks",
					"@loader_path/Frameworks",
				);
				MARKETING_VERSION = 1.0;
				PRODUCT_BUNDLE_IDENTIFIER = "com.happygiraffe.Cloudship-test.CloudshipUITests";
				PRODUCT_NAME = "$(TARGET_NAME)";
				SWIFT_VERSION = 5.0;
				TARGETED_DEVICE_FAMILY = "1,2";
				TEST_TARGET_NAME = Cloudship;
			};
			name = Release;
		};
/* End XCBuildConfiguration section */

/* Begin XCConfigurationList section */
		162DC5FC2020FAAB00C19DCE /* Build configuration list for PBXProject "Cloudship" */ = {
			isa = XCConfigurationList;
			buildConfigurations = (
				162DC6112020FAAB00C19DCE /* Debug */,
				162DC6122020FAAB00C19DCE /* Release */,
			);
			defaultConfigurationIsVisible = 0;
			defaultConfigurationName = Release;
		};
		162DC6132020FAAB00C19DCE /* Build configuration list for PBXNativeTarget "Cloudship" */ = {
			isa = XCConfigurationList;
			buildConfigurations = (
				162DC6142020FAAB00C19DCE /* Debug */,
				162DC6152020FAAB00C19DCE /* Release */,
			);
			defaultConfigurationIsVisible = 0;
			defaultConfigurationName = Release;
		};
		92A378B12F6D95D60090F977 /* Build configuration list for PBXNativeTarget "CloudshipWidgetExtension" */ = {
			isa = XCConfigurationList;
			buildConfigurations = (
				92A378AE2F6D95D60090F977 /* Debug */,
				92A378AF2F6D95D60090F977 /* Release */,
			);
			defaultConfigurationIsVisible = 0;
			defaultConfigurationName = Release;
		};
		AA0000000000000000000D /* Build configuration list for PBXNativeTarget "CloudshipTests" */ = {
			isa = XCConfigurationList;
			buildConfigurations = (
				AA0000000000000000000B /* Debug */,
				AA0000000000000000000C /* Release */,
			);
			defaultConfigurationIsVisible = 0;
			defaultConfigurationName = Release;
		};
		BB0000000000000000000D /* Build configuration list for PBXNativeTarget "CloudshipUITests" */ = {
			isa = XCConfigurationList;
			buildConfigurations = (
				BB0000000000000000000B /* Debug */,
				BB0000000000000000000C /* Release */,
			);
			defaultConfigurationIsVisible = 0;
			defaultConfigurationName = Release;
		};
/* End XCConfigurationList section */

/* Begin XCRemoteSwiftPackageReference section */
		92A379172F6E618A0090F977 /* XCRemoteSwiftPackageReference "lottie-ios" */ = {
			isa = XCRemoteSwiftPackageReference;
			repositoryURL = "https://github.com/airbnb/lottie-ios";
			requirement = {
				kind = upToNextMajorVersion;
				minimumVersion = 4.6.0;
			};
		};
/* End XCRemoteSwiftPackageReference section */

/* Begin XCSwiftPackageProductDependency section */
		7353D4B9AB6E48E4914713F7 /* Lottie */ = {
			isa = XCSwiftPackageProductDependency;
			package = 92A379172F6E618A0090F977 /* XCRemoteSwiftPackageReference "lottie-ios" */;
			productName = Lottie;
		};
/* End XCSwiftPackageProductDependency section */
	};
	rootObject = 162DC5F92020FAAB00C19DCE /* Project object */;
}
