// !$*UTF8*$!
{
	archiveVersion = 1;
	classes = {
	};
	objectVersion = 48;
	objects = {

/* Begin PBXBuildFile section */
		16148A6F20EC2F3500452F5D /* InfoViewController.swift in Sources */ = {isa = PBXBuildFile; fileRef = 16148A6E20EC2F3400452F5D /* InfoViewController.swift */; };
		16148A7320F3B0AE00452F5D /* SearchSearchTableView.swift in Sources */ = {isa = PBXBuildFile; fileRef = 16148A7220F3B0AD00452F5D /* SearchSearchTableView.swift */; };
		16148A7520F52AEF00452F5D /* SearchTableViewCell.swift in Sources */ = {isa = PBXBuildFile; fileRef = 16148A7420F52AEF00452F5D /* SearchTableViewCell.swift */; };
		161BCA7220E2D92300AE984F /* LookingAheadCollectionViewCell.swift in Sources */ = {isa = PBXBuildFile; fileRef = 161BCA7120E2D92300AE984F /* LookingAheadCollectionViewCell.swift */; };
		1620610020AF61BE004E00BD /* Weather.swift in Sources */ = {isa = PBXBuildFile; fileRef = 162060FF20AF61BE004E00BD /* Weather.swift */; };
		1620610220AF63EE004E00BD /* Hourly.swift in Sources */ = {isa = PBXBuildFile; fileRef = 1620610120AF63EE004E00BD /* Hourly.swift */; };
		1620610420AF6462004E00BD /* HourlyData.swift in Sources */ = {isa = PBXBuildFile; fileRef = 1620610320AF6462004E00BD /* HourlyData.swift */; };
		1620610620AF652D004E00BD /* Daily.swift in Sources */ = {isa = PBXBuildFile; fileRef = 1620610520AF652D004E00BD /* Daily.swift */; };
		1620610820AF6582004E00BD /* DailyData.swift in Sources */ = {isa = PBXBuildFile; fileRef = 1620610720AF6582004E00BD /* DailyData.swift */; };
		1620610A20AF6689004E00BD /* Minutely.swift in Sources */ = {isa = PBXBuildFile; fileRef = 1620610920AF6689004E00BD /* Minutely.swift */; };
		1620610C20AF66B1004E00BD /* MinutelyData.swift in Sources */ = {isa = PBXBuildFile; fileRef = 1620610B20AF66B1004E00BD /* MinutelyData.swift */; };
		1620610E20AF66FE004E00BD /* Currently.swift in Sources */ = {isa = PBXBuildFile; fileRef = 1620610D20AF66FE004E00BD /* Currently.swift */; };
		1620611020AF6770004E00BD /* Alerts.swift in Sources */ = {isa = PBXBuildFile; fileRef = 1620610F20AF6770004E00BD /* Alerts.swift */; };
		1620611220AF679A004E00BD /* Flags.swift in Sources */ = {isa = PBXBuildFile; fileRef = 1620611120AF679A004E00BD /* Flags.swift */; };
		1620611420AF69A6004E00BD /* WeatherController.swift in Sources */ = {isa = PBXBuildFile; fileRef = 1620611320AF69A6004E00BD /* WeatherController.swift */; };
		1620611620AF6FAC004E00BD /* WeatherInfo.swift in Sources */ = {isa = PBXBuildFile; fileRef = 1620611520AF6FAC004E00BD /* WeatherInfo.swift */; };
		1620611820B31F4A004E00BD /* MinutelyViewController.swift in Sources */ = {isa = PBXBuildFile; fileRef = 1620611720B31F4A004E00BD /* MinutelyViewController.swift */; };
		1620611A20B5C781004E00BD /* DailyTableViewCell.swift in Sources */ = {isa = PBXBuildFile; fileRef = 1620611920B5C781004E00BD /* DailyTableViewCell.swift */; };
		162DC6052020FAAB00C19DCE /* AppDelegate.swift in Sources */ = {isa = PBXBuildFile; fileRef = 162DC6042020FAAB00C19DCE /* AppDelegate.swift */; };
		162DC6072020FAAB00C19DCE /* ViewController.swift in Sources */ = {isa = PBXBuildFile; fileRef = 162DC6062020FAAB00C19DCE /* ViewController.swift */; };
		162DC60A2020FAAB00C19DCE /* Main.storyboard in Resources */ = {isa = PBXBuildFile; fileRef = 162DC6082020FAAB00C19DCE /* Main.storyboard */; };
		162DC60C2020FAAB00C19DCE /* Assets.xcassets in Resources */ = {isa = PBXBuildFile; fileRef = 162DC60B2020FAAB00C19DCE /* Assets.xcassets */; };
		162DC60F2020FAAB00C19DCE /* LaunchScreen.storyboard in Resources */ = {isa = PBXBuildFile; fileRef = 162DC60D2020FAAB00C19DCE /* LaunchScreen.storyboard */; };
		162DC61F2021043A00C19DCE /* HourlyViewController.swift in Sources */ = {isa = PBXBuildFile; fileRef = 162DC61E2021043A00C19DCE /* HourlyViewController.swift */; };
		162DC6212021048700C19DCE /* DailyViewController.swift in Sources */ = {isa = PBXBuildFile; fileRef = 162DC6202021048700C19DCE /* DailyViewController.swift */; };
		162DC6252022278D00C19DCE /* Configuration.swift in Sources */ = {isa = PBXBuildFile; fileRef = 162DC6242022278D00C19DCE /* Configuration.swift */; };
		1646BDA620BDF175006FF7F5 /* HourlyTableViewCell.swift in Sources */ = {isa = PBXBuildFile; fileRef = 1646BDA520BDF175006FF7F5 /* HourlyTableViewCell.swift */; };
		1646BDAD20BF5555006FF7F5 /* Gif.swift in Sources */ = {isa = PBXBuildFile; fileRef = 1646BDAC20BF5555006FF7F5 /* Gif.swift */; };
		1646BDAF20BF7A28006FF7F5 /* MinutelyTableViewCell.swift in Sources */ = {isa = PBXBuildFile; fileRef = 1646BDAE20BF7A28006FF7F5 /* MinutelyTableViewCell.swift */; };
		168C8CF920C255A800D0413C /* AlertsViewController.swift in Sources */ = {isa = PBXBuildFile; fileRef = 168C8CF820C255A800D0413C /* AlertsViewController.swift */; };
		168C8CFB20C25A7400D0413C /* AlertsTableViewCell.swift in Sources */ = {isa = PBXBuildFile; fileRef = 168C8CFA20C25A7400D0413C /* AlertsTableViewCell.swift */; };
		16D5C11620C6E83F00B5F44B /* CurrentlyTableViewCell.swift in Sources */ = {isa = PBXBuildFile; fileRef = 16D5C11520C6E83F00B5F44B /* CurrentlyTableViewCell.swift */; };
/* End PBXBuildFile section */

/* Begin PBXFileReference section */
		16148A6E20EC2F3400452F5D /* InfoViewController.swift */ = {isa = PBXFileReference; lastKnownFileType = sourcecode.swift; path = InfoViewController.swift; sourceTree = "<group>"; };
		16148A7220F3B0AD00452F5D /* SearchSearchTableView.swift */ = {isa = PBXFileReference; lastKnownFileType = sourcecode.swift; path = SearchSearchTableView.swift; sourceTree = "<group>"; };
		16148A7420F52AEF00452F5D /* SearchTableViewCell.swift */ = {isa = PBXFileReference; lastKnownFileType = sourcecode.swift; path = SearchTableViewCell.swift; sourceTree = "<group>"; };
		161BCA7120E2D92300AE984F /* LookingAheadCollectionViewCell.swift */ = {isa = PBXFileReference; lastKnownFileType = sourcecode.swift; path = LookingAheadCollectionViewCell.swift; sourceTree = "<group>"; };
		162060FF20AF61BE004E00BD /* Weather.swift */ = {isa = PBXFileReference; lastKnownFileType = sourcecode.swift; path = Weather.swift; sourceTree = "<group>"; };
		1620610120AF63EE004E00BD /* Hourly.swift */ = {isa = PBXFileReference; lastKnownFileType = sourcecode.swift; path = Hourly.swift; sourceTree = "<group>"; };
		1620610320AF6462004E00BD /* HourlyData.swift */ = {isa = PBXFileReference; lastKnownFileType = sourcecode.swift; path = HourlyData.swift; sourceTree = "<group>"; };
		1620610520AF652D004E00BD /* Daily.swift */ = {isa = PBXFileReference; lastKnownFileType = sourcecode.swift; path = Daily.swift; sourceTree = "<group>"; };
		1620610720AF6582004E00BD /* DailyData.swift */ = {isa = PBXFileReference; lastKnownFileType = sourcecode.swift; path = DailyData.swift; sourceTree = "<group>"; };
		1620610920AF6689004E00BD /* Minutely.swift */ = {isa = PBXFileReference; lastKnownFileType = sourcecode.swift; path = Minutely.swift; sourceTree = "<group>"; };
		1620610B20AF66B1004E00BD /* MinutelyData.swift */ = {isa = PBXFileReference; lastKnownFileType = sourcecode.swift; path = MinutelyData.swift; sourceTree = "<group>"; };
		1620610D20AF66FE004E00BD /* Currently.swift */ = {isa = PBXFileReference; lastKnownFileType = sourcecode.swift; path = Currently.swift; sourceTree = "<group>"; };
		1620610F20AF6770004E00BD /* Alerts.swift */ = {isa = PBXFileReference; lastKnownFileType = sourcecode.swift; path = Alerts.swift; sourceTree = "<group>"; };
		1620611120AF679A004E00BD /* Flags.swift */ = {isa = PBXFileReference; lastKnownFileType = sourcecode.swift; path = Flags.swift; sourceTree = "<group>"; };
		1620611320AF69A6004E00BD /* WeatherController.swift */ = {isa = PBXFileReference; lastKnownFileType = sourcecode.swift; path = WeatherController.swift; sourceTree = "<group>"; };
		1620611520AF6FAC004E00BD /* WeatherInfo.swift */ = {isa = PBXFileReference; lastKnownFileType = sourcecode.swift; path = WeatherInfo.swift; sourceTree = "<group>"; };
		1620611720B31F4A004E00BD /* MinutelyViewController.swift */ = {isa = PBXFileReference; lastKnownFileType = sourcecode.swift; path = MinutelyViewController.swift; sourceTree = "<group>"; };
		1620611920B5C781004E00BD /* DailyTableViewCell.swift */ = {isa = PBXFileReference; lastKnownFileType = sourcecode.swift; path = DailyTableViewCell.swift; sourceTree = "<group>"; };
		162DC6012020FAAB00C19DCE /* Cloudship.app */ = {isa = PBXFileReference; explicitFileType = wrapper.application; includeInIndex = 0; path = Cloudship.app; sourceTree = BUILT_PRODUCTS_DIR; };
		162DC6042020FAAB00C19DCE /* AppDelegate.swift */ = {isa = PBXFileReference; lastKnownFileType = sourcecode.swift; path = AppDelegate.swift; sourceTree = "<group>"; };
		162DC6062020FAAB00C19DCE /* ViewController.swift */ = {isa = PBXFileReference; lastKnownFileType = sourcecode.swift; path = ViewController.swift; sourceTree = "<group>"; };
		162DC6092020FAAB00C19DCE /* Base */ = {isa = PBXFileReference; lastKnownFileType = file.storyboard; name = Base; path = Base.lproj/Main.storyboard; sourceTree = "<group>"; };
		162DC60B2020FAAB00C19DCE /* Assets.xcassets */ = {isa = PBXFileReference; lastKnownFileType = folder.assetcatalog; path = Assets.xcassets; sourceTree = "<group>"; };
		162DC60E2020FAAB00C19DCE /* Base */ = {isa = PBXFileReference; lastKnownFileType = file.storyboard; name = Base; path = Base.lproj/LaunchScreen.storyboard; sourceTree = "<group>"; };
		162DC6102020FAAB00C19DCE /* Info.plist */ = {isa = PBXFileReference; lastKnownFileType = text.plist.xml; path = Info.plist; sourceTree = "<group>"; };
		162DC61E2021043A00C19DCE /* HourlyViewController.swift */ = {isa = PBXFileReference; lastKnownFileType = sourcecode.swift; path = HourlyViewController.swift; sourceTree = "<group>"; };
		162DC6202021048700C19DCE /* DailyViewController.swift */ = {isa = PBXFileReference; lastKnownFileType = sourcecode.swift; path = DailyViewController.swift; sourceTree = "<group>"; };
		162DC6242022278D00C19DCE /* Configuration.swift */ = {isa = PBXFileReference; lastKnownFileType = sourcecode.swift; path = Configuration.swift; sourceTree = "<group>"; };
		1646BDA520BDF175006FF7F5 /* HourlyTableViewCell.swift */ = {isa = PBXFileReference; lastKnownFileType = sourcecode.swift; path = HourlyTableViewCell.swift; sourceTree = "<group>"; };
		1646BDAC20BF5555006FF7F5 /* Gif.swift */ = {isa = PBXFileReference; lastKnownFileType = sourcecode.swift; path = Gif.swift; sourceTree = "<group>"; };
		1646BDAE20BF7A28006FF7F5 /* MinutelyTableViewCell.swift */ = {isa = PBXFileReference; lastKnownFileType = sourcecode.swift; path = MinutelyTableViewCell.swift; sourceTree = "<group>"; };
		168C8CF820C255A800D0413C /* AlertsViewController.swift */ = {isa = PBXFileReference; lastKnownFileType = sourcecode.swift; path = AlertsViewController.swift; sourceTree = "<group>"; };
		168C8CFA20C25A7400D0413C /* AlertsTableViewCell.swift */ = {isa = PBXFileReference; lastKnownFileType = sourcecode.swift; path = AlertsTableViewCell.swift; sourceTree = "<group>"; };
		16D5C11520C6E83F00B5F44B /* CurrentlyTableViewCell.swift */ = {isa = PBXFileReference; lastKnownFileType = sourcecode.swift; path = CurrentlyTableViewCell.swift; sourceTree = "<group>"; };
/* End PBXFileReference section */

/* Begin PBXFrameworksBuildPhase section */
		162DC5FE2020FAAB00C19DCE /* Frameworks */ = {
			isa = PBXFrameworksBuildPhase;
			buildActionMask = 2147483647;
			files = (
			);
			runOnlyForDeploymentPostprocessing = 0;
		};
/* End PBXFrameworksBuildPhase section */

/* Begin PBXGroup section */
		16148A6D20EC2EFC00452F5D /* Settings */ = {
			isa = PBXGroup;
			children = (
				16148A6E20EC2F3400452F5D /* InfoViewController.swift */,
			);
			path = Settings;
			sourceTree = "<group>";
		};
		162DC5F82020FAAB00C19DCE = {
			isa = PBXGroup;
			children = (
				16148A7420F52AEF00452F5D /* SearchTableViewCell.swift */,
				16148A7220F3B0AD00452F5D /* SearchSearchTableView.swift */,
				16148A6D20EC2EFC00452F5D /* Settings */,
				1646BDAC20BF5555006FF7F5 /* Gif.swift */,
				162DC6032020FAAB00C19DCE /* Cloudship */,
				162DC6022020FAAB00C19DCE /* Products */,
			);
			sourceTree = "<group>";
		};
		162DC6022020FAAB00C19DCE /* Products */ = {
			isa = PBXGroup;
			children = (
				162DC6012020FAAB00C19DCE /* Cloudship.app */,
			);
			name = Products;
			sourceTree = "<group>";
		};
		162DC6032020FAAB00C19DCE /* Cloudship */ = {
			isa = PBXGroup;
			children = (
				162DC61B2020FDCD00C19DCE /* Flags */,
				162DC61A2020FDC500C19DCE /* Alerts */,
				162DC6192020FDBE00C19DCE /* Daily */,
				162DC6182020FDB700C19DCE /* Hourly */,
				162DC6172020FDAD00C19DCE /* Minutely */,
				162DC6162020FD9F00C19DCE /* Currently */,
				162DC6042020FAAB00C19DCE /* AppDelegate.swift */,
				162DC6062020FAAB00C19DCE /* ViewController.swift */,
				16D5C11520C6E83F00B5F44B /* CurrentlyTableViewCell.swift */,
				161BCA7120E2D92300AE984F /* LookingAheadCollectionViewCell.swift */,
				162DC6082020FAAB00C19DCE /* Main.storyboard */,
				162DC60B2020FAAB00C19DCE /* Assets.xcassets */,
				162DC60D2020FAAB00C19DCE /* LaunchScreen.storyboard */,
				162DC6102020FAAB00C19DCE /* Info.plist */,
				162DC6242022278D00C19DCE /* Configuration.swift */,
				162060FF20AF61BE004E00BD /* Weather.swift */,
				1620611320AF69A6004E00BD /* WeatherController.swift */,
				1620611520AF6FAC004E00BD /* WeatherInfo.swift */,
			);
			path = Cloudship;
			sourceTree = "<group>";
		};
		162DC6162020FD9F00C19DCE /* Currently */ = {
			isa = PBXGroup;
			children = (
				1620610D20AF66FE004E00BD /* Currently.swift */,
			);
			path = Currently;
			sourceTree = "<group>";
		};
		162DC6172020FDAD00C19DCE /* Minutely */ = {
			isa = PBXGroup;
			children = (
				1620610920AF6689004E00BD /* Minutely.swift */,
				1620610B20AF66B1004E00BD /* MinutelyData.swift */,
				1620611720B31F4A004E00BD /* MinutelyViewController.swift */,
				1646BDAE20BF7A28006FF7F5 /* MinutelyTableViewCell.swift */,
			);
			path = Minutely;
			sourceTree = "<group>";
		};
		162DC6182020FDB700C19DCE /* Hourly */ = {
			isa = PBXGroup;
			children = (
				1620610120AF63EE004E00BD /* Hourly.swift */,
				162DC61E2021043A00C19DCE /* HourlyViewController.swift */,
				1620610320AF6462004E00BD /* HourlyData.swift */,
				1646BDA520BDF175006FF7F5 /* HourlyTableViewCell.swift */,
			);
			path = Hourly;
			sourceTree = "<group>";
		};
		162DC6192020FDBE00C19DCE /* Daily */ = {
			isa = PBXGroup;
			children = (
				162DC6202021048700C19DCE /* DailyViewController.swift */,
				1620610520AF652D004E00BD /* Daily.swift */,
				1620610720AF6582004E00BD /* DailyData.swift */,
				1620611920B5C781004E00BD /* DailyTableViewCell.swift */,
			);
			path = Daily;
			sourceTree = "<group>";
		};
		162DC61A2020FDC500C19DCE /* Alerts */ = {
			isa = PBXGroup;
			children = (
				1620610F20AF6770004E00BD /* Alerts.swift */,
				168C8CF820C255A800D0413C /* AlertsViewController.swift */,
				168C8CFA20C25A7400D0413C /* AlertsTableViewCell.swift */,
			);
			path = Alerts;
			sourceTree = "<group>";
		};
		162DC61B2020FDCD00C19DCE /* Flags */ = {
			isa = PBXGroup;
			children = (
				1620611120AF679A004E00BD /* Flags.swift */,
			);
			path = Flags;
			sourceTree = "<group>";
		};
/* End PBXGroup section */

/* Begin PBXNativeTarget section */
		162DC6002020FAAB00C19DCE /* Cloudship */ = {
			isa = PBXNativeTarget;
			buildConfigurationList = 162DC6132020FAAB00C19DCE /* Build configuration list for PBXNativeTarget "Cloudship" */;
			buildPhases = (
				162DC5FD2020FAAB00C19DCE /* Sources */,
				162DC5FE2020FAAB00C19DCE /* Frameworks */,
				162DC5FF2020FAAB00C19DCE /* Resources */,
			);
			buildRules = (
			);
			dependencies = (
			);
			name = Cloudship;
			productName = Cloudship;
			productReference = 162DC6012020FAAB00C19DCE /* Cloudship.app */;
			productType = "com.apple.product-type.application";
		};
/* End PBXNativeTarget section */

/* Begin PBXProject section */
		162DC5F92020FAAB00C19DCE /* Project object */ = {
			isa = PBXProject;
			attributes = {
				LastSwiftUpdateCheck = 0920;
				LastUpgradeCheck = 0920;
				ORGANIZATIONNAME = "Scott Kriss";
				TargetAttributes = {
					162DC6002020FAAB00C19DCE = {
						CreatedOnToolsVersion = 9.2;
						ProvisioningStyle = Automatic;
					};
				};
			};
			buildConfigurationList = 162DC5FC2020FAAB00C19DCE /* Build configuration list for PBXProject "Cloudship" */;
			compatibilityVersion = "Xcode 8.0";
			developmentRegion = en;
			hasScannedForEncodings = 0;
			knownRegions = (
				en,
				Base,
			);
			mainGroup = 162DC5F82020FAAB00C19DCE;
			productRefGroup = 162DC6022020FAAB00C19DCE /* Products */;
			projectDirPath = "";
			projectRoot = "";
			targets = (
				162DC6002020FAAB00C19DCE /* Cloudship */,
			);
		};
/* End PBXProject section */

/* Begin PBXResourcesBuildPhase section */
		162DC5FF2020FAAB00C19DCE /* Resources */ = {
			isa = PBXResourcesBuildPhase;
			buildActionMask = 2147483647;
			files = (
				162DC60F2020FAAB00C19DCE /* LaunchScreen.storyboard in Resources */,
				162DC60C2020FAAB00C19DCE /* Assets.xcassets in Resources */,
				162DC60A2020FAAB00C19DCE /* Main.storyboard in Resources */,
			);
			runOnlyForDeploymentPostprocessing = 0;
		};
/* End PBXResourcesBuildPhase section */

/* Begin PBXSourcesBuildPhase section */
		162DC5FD2020FAAB00C19DCE /* Sources */ = {
			isa = PBXSourcesBuildPhase;
			buildActionMask = 2147483647;
			files = (
				1620610420AF6462004E00BD /* HourlyData.swift in Sources */,
				1620611020AF6770004E00BD /* Alerts.swift in Sources */,
				1620610620AF652D004E00BD /* Daily.swift in Sources */,
				1620611220AF679A004E00BD /* Flags.swift in Sources */,
				168C8CFB20C25A7400D0413C /* AlertsTableViewCell.swift in Sources */,
				16148A7320F3B0AE00452F5D /* SearchSearchTableView.swift in Sources */,
				1646BDAD20BF5555006FF7F5 /* Gif.swift in Sources */,
				162DC6252022278D00C19DCE /* Configuration.swift in Sources */,
				162DC61F2021043A00C19DCE /* HourlyViewController.swift in Sources */,
				168C8CF920C255A800D0413C /* AlertsViewController.swift in Sources */,
				16148A7520F52AEF00452F5D /* SearchTableViewCell.swift in Sources */,
				1620610A20AF6689004E00BD /* Minutely.swift in Sources */,
				1620610820AF6582004E00BD /* DailyData.swift in Sources */,
				1620611620AF6FAC004E00BD /* WeatherInfo.swift in Sources */,
				1620610E20AF66FE004E00BD /* Currently.swift in Sources */,
				16148A6F20EC2F3500452F5D /* InfoViewController.swift in Sources */,
				16D5C11620C6E83F00B5F44B /* CurrentlyTableViewCell.swift in Sources */,
				1620611820B31F4A004E00BD /* MinutelyViewController.swift in Sources */,
				1620610220AF63EE004E00BD /* Hourly.swift in Sources */,
				1620611420AF69A6004E00BD /* WeatherController.swift in Sources */,
				1620610C20AF66B1004E00BD /* MinutelyData.swift in Sources */,
				162DC6072020FAAB00C19DCE /* ViewController.swift in Sources */,
				162DC6212021048700C19DCE /* DailyViewController.swift in Sources */,
				162DC6052020FAAB00C19DCE /* AppDelegate.swift in Sources */,
				1646BDAF20BF7A28006FF7F5 /* MinutelyTableViewCell.swift in Sources */,
				161BCA7220E2D92300AE984F /* LookingAheadCollectionViewCell.swift in Sources */,
				1620610020AF61BE004E00BD /* Weather.swift in Sources */,
				1646BDA620BDF175006FF7F5 /* HourlyTableViewCell.swift in Sources */,
				1620611A20B5C781004E00BD /* DailyTableViewCell.swift in Sources */,
			);
			runOnlyForDeploymentPostprocessing = 0;
		};
/* End PBXSourcesBuildPhase section */

/* Begin PBXVariantGroup section */
		162DC6082020FAAB00C19DCE /* Main.storyboard */ = {
			isa = PBXVariantGroup;
			children = (
				162DC6092020FAAB00C19DCE /* Base */,
			);
			name = Main.storyboard;
			sourceTree = "<group>";
		};
		162DC60D2020FAAB00C19DCE /* LaunchScreen.storyboard */ = {
			isa = PBXVariantGroup;
			children = (
				162DC60E2020FAAB00C19DCE /* Base */,
			);
			name = LaunchScreen.storyboard;
			sourceTree = "<group>";
		};
/* End PBXVariantGroup section */

/* Begin XCBuildConfiguration section */
		162DC6112020FAAB00C19DCE /* Debug */ = {
			isa = XCBuildConfiguration;
			buildSettings = {
				ALWAYS_SEARCH_USER_PATHS = NO;
				CLANG_ANALYZER_NONNULL = YES;
				CLANG_ANALYZER_NUMBER_OBJECT_CONVERSION = YES_AGGRESSIVE;
				CLANG_CXX_LANGUAGE_STANDARD = "gnu++14";
				CLANG_CXX_LIBRARY = "libc++";
				CLANG_ENABLE_MODULES = YES;
				CLANG_ENABLE_OBJC_ARC = YES;
				CLANG_WARN_BLOCK_CAPTURE_AUTORELEASING = YES;
				CLANG_WARN_BOOL_CONVERSION = YES;
				CLANG_WARN_COMMA = YES;
				CLANG_WARN_CONSTANT_CONVERSION = YES;
				CLANG_WARN_DIRECT_OBJC_ISA_USAGE = YES_ERROR;
				CLANG_WARN_DOCUMENTATION_COMMENTS = YES;
				CLANG_WARN_EMPTY_BODY = YES;
				CLANG_WARN_ENUM_CONVERSION = YES;
				CLANG_WARN_INFINITE_RECURSION = YES;
				CLANG_WARN_INT_CONVERSION = YES;
				CLANG_WARN_NON_LITERAL_NULL_CONVERSION = YES;
				CLANG_WARN_OBJC_LITERAL_CONVERSION = YES;
				CLANG_WARN_OBJC_ROOT_CLASS = YES_ERROR;
				CLANG_WARN_RANGE_LOOP_ANALYSIS = YES;
				CLANG_WARN_STRICT_PROTOTYPES = YES;
				CLANG_WARN_SUSPICIOUS_MOVE = YES;
				CLANG_WARN_UNGUARDED_AVAILABILITY = YES_AGGRESSIVE;
				CLANG_WARN_UNREACHABLE_CODE = YES;
				CLANG_WARN__DUPLICATE_METHOD_MATCH = YES;
				CODE_SIGN_IDENTITY = "iPhone Developer";
				COPY_PHASE_STRIP = NO;
				DEBUG_INFORMATION_FORMAT = dwarf;
				ENABLE_STRICT_OBJC_MSGSEND = YES;
				ENABLE_TESTABILITY = YES;
				GCC_C_LANGUAGE_STANDARD = gnu11;
				GCC_DYNAMIC_NO_PIC = NO;
				GCC_NO_COMMON_BLOCKS = YES;
				GCC_OPTIMIZATION_LEVEL = 0;
				GCC_PREPROCESSOR_DEFINITIONS = (
					"DEBUG=1",
					"$(inherited)",
				);
				GCC_WARN_64_TO_32_BIT_CONVERSION = YES;
				GCC_WARN_ABOUT_RETURN_TYPE = YES_ERROR;
				GCC_WARN_UNDECLARED_SELECTOR = YES;
				GCC_WARN_UNINITIALIZED_AUTOS = YES_AGGRESSIVE;
				GCC_WARN_UNUSED_FUNCTION = YES;
				GCC_WARN_UNUSED_VARIABLE = YES;
				IPHONEOS_DEPLOYMENT_TARGET = 11.2;
				MTL_ENABLE_DEBUG_INFO = YES;
				ONLY_ACTIVE_ARCH = YES;
				SDKROOT = iphoneos;
				SWIFT_ACTIVE_COMPILATION_CONDITIONS = DEBUG;
				SWIFT_OPTIMIZATION_LEVEL = "-Onone";
			};
			name = Debug;
		};
		162DC6122020FAAB00C19DCE /* Release */ = {
			isa = XCBuildConfiguration;
			buildSettings = {
				ALWAYS_SEARCH_USER_PATHS = NO;
				CLANG_ANALYZER_NONNULL = YES;
				CLANG_ANALYZER_NUMBER_OBJECT_CONVERSION = YES_AGGRESSIVE;
				CLANG_CXX_LANGUAGE_STANDARD = "gnu++14";
				CLANG_CXX_LIBRARY = "libc++";
				CLANG_ENABLE_MODULES = YES;
				CLANG_ENABLE_OBJC_ARC = YES;
				CLANG_WARN_BLOCK_CAPTURE_AUTORELEASING = YES;
				CLANG_WARN_BOOL_CONVERSION = YES;
				CLANG_WARN_COMMA = YES;
				CLANG_WARN_CONSTANT_CONVERSION = YES;
				CLANG_WARN_DIRECT_OBJC_ISA_USAGE = YES_ERROR;
				CLANG_WARN_DOCUMENTATION_COMMENTS = YES;
				CLANG_WARN_EMPTY_BODY = YES;
				CLANG_WARN_ENUM_CONVERSION = YES;
				CLANG_WARN_INFINITE_RECURSION = YES;
				CLANG_WARN_INT_CONVERSION = YES;
				CLANG_WARN_NON_LITERAL_NULL_CONVERSION = YES;
				CLANG_WARN_OBJC_LITERAL_CONVERSION = YES;
				CLANG_WARN_OBJC_ROOT_CLASS = YES_ERROR;
				CLANG_WARN_RANGE_LOOP_ANALYSIS = YES;
				CLANG_WARN_STRICT_PROTOTYPES = YES;
				CLANG_WARN_SUSPICIOUS_MOVE = YES;
				CLANG_WARN_UNGUARDED_AVAILABILITY = YES_AGGRESSIVE;
				CLANG_WARN_UNREACHABLE_CODE = YES;
				CLANG_WARN__DUPLICATE_METHOD_MATCH = YES;
				CODE_SIGN_IDENTITY = "iPhone Developer";
				COPY_PHASE_STRIP = NO;
				DEBUG_INFORMATION_FORMAT = "dwarf-with-dsym";
				ENABLE_NS_ASSERTIONS = NO;
				ENABLE_STRICT_OBJC_MSGSEND = YES;
				GCC_C_LANGUAGE_STANDARD = gnu11;
				GCC_NO_COMMON_BLOCKS = YES;
				GCC_WARN_64_TO_32_BIT_CONVERSION = YES;
				GCC_WARN_ABOUT_RETURN_TYPE = YES_ERROR;
				GCC_WARN_UNDECLARED_SELECTOR = YES;
				GCC_WARN_UNINITIALIZED_AUTOS = YES_AGGRESSIVE;
				GCC_WARN_UNUSED_FUNCTION = YES;
				GCC_WARN_UNUSED_VARIABLE = YES;
				IPHONEOS_DEPLOYMENT_TARGET = 11.2;
				MTL_ENABLE_DEBUG_INFO = NO;
				SDKROOT = iphoneos;
				SWIFT_OPTIMIZATION_LEVEL = "-Owholemodule";
				VALIDATE_PRODUCT = YES;
			};
			name = Release;
		};
		162DC6142020FAAB00C19DCE /* Debug */ = {
			isa = XCBuildConfiguration;
			buildSettings = {
				ASSETCATALOG_COMPILER_APPICON_NAME = AppIcon;
				CODE_SIGN_STYLE = Automatic;
				DEVELOPMENT_TEAM = SJGQK6GQ37;
				INFOPLIST_FILE = Cloudship/Info.plist;
				LD_RUNPATH_SEARCH_PATHS = "$(inherited) @executable_path/Frameworks";
				PRODUCT_BUNDLE_IDENTIFIER = "com.happygiraffe.Cloudship-test1";
				PRODUCT_NAME = "$(TARGET_NAME)";
				SWIFT_VERSION = 4.0;
				TARGETED_DEVICE_FAMILY = "1,2";
			};
			name = Debug;
		};
		162DC6152020FAAB00C19DCE /* Release */ = {
			isa = XCBuildConfiguration;
			buildSettings = {
				ASSETCATALOG_COMPILER_APPICON_NAME = AppIcon;
				CODE_SIGN_STYLE = Automatic;
				DEVELOPMENT_TEAM = SJGQK6GQ37;
				INFOPLIST_FILE = Cloudship/Info.plist;
				LD_RUNPATH_SEARCH_PATHS = "$(inherited) @executable_path/Frameworks";
				PRODUCT_BUNDLE_IDENTIFIER = "com.happygiraffe.Cloudship-test1";
				PRODUCT_NAME = "$(TARGET_NAME)";
				SWIFT_VERSION = 4.0;
				TARGETED_DEVICE_FAMILY = "1,2";
			};
			name = Release;
		};
/* End XCBuildConfiguration section */

/* Begin XCConfigurationList section */
		162DC5FC2020FAAB00C19DCE /* Build configuration list for PBXProject "Cloudship" */ = {
			isa = XCConfigurationList;
			buildConfigurations = (
				162DC6112020FAAB00C19DCE /* Debug */,
				162DC6122020FAAB00C19DCE /* Release */,
			);
			defaultConfigurationIsVisible = 0;
			defaultConfigurationName = Release;
		};
		162DC6132020FAAB00C19DCE /* Build configuration list for PBXNativeTarget "Cloudship" */ = {
			isa = XCConfigurationList;
			buildConfigurations = (
				162DC6142020FAAB00C19DCE /* Debug */,
				162DC6152020FAAB00C19DCE /* Release */,
			);
			defaultConfigurationIsVisible = 0;
			defaultConfigurationName = Release;
		};
/* End XCConfigurationList section */
	};
	rootObject = 162DC5F92020FAAB00C19DCE /* Project object */;
}
